// !$*UTF8*$!
{
	archiveVersion = 1;
	classes = {
	};
	objectVersion = 46;
	objects = {

/* Begin PBXBuildFile section */
		2DF555F1E168FA5525410E2C /* libPods-MSLiveBox.a in Frameworks */ = {isa = PBXBuildFile; fileRef = D5E08D1F21825E840DE7A08F /* libPods-MSLiveBox.a */; };
		BC6A36C01D7E7377009639C9 /* UIImage+RoundedCorner.m in Sources */ = {isa = PBXBuildFile; fileRef = BC6A36B91D7E7377009639C9 /* UIImage+RoundedCorner.m */; };
		BC6A36C11D7E7377009639C9 /* UIView+RoundedCorner.m in Sources */ = {isa = PBXBuildFile; fileRef = BC6A36BB1D7E7377009639C9 /* UIView+RoundedCorner.m */; };
		BC6A36C21D7E7377009639C9 /* UIImageView+CornerRadius.m in Sources */ = {isa = PBXBuildFile; fileRef = BC6A36BD1D7E7377009639C9 /* UIImageView+CornerRadius.m */; };
		BC6A36C31D7E7377009639C9 /* UIView+MSUtil.m in Sources */ = {isa = PBXBuildFile; fileRef = BC6A36BF1D7E7377009639C9 /* UIView+MSUtil.m */; };
		BC6A36C91D7E9D5D009639C9 /* MSBaseSectionHeaderView.m in Sources */ = {isa = PBXBuildFile; fileRef = BC6A36C81D7E9D5D009639C9 /* MSBaseSectionHeaderView.m */; };
		BC6A36CD1D7E9DE4009639C9 /* UIColor+MSUtil.m in Sources */ = {isa = PBXBuildFile; fileRef = BC6A36CC1D7E9DE4009639C9 /* UIColor+MSUtil.m */; };
		BC6A36DA1D7EA80E009639C9 /* MSBaseBannerModel.m in Sources */ = {isa = PBXBuildFile; fileRef = BC6A36D41D7EA80E009639C9 /* MSBaseBannerModel.m */; };
		BC6A36DB1D7EA80E009639C9 /* MSRoomCellModel.m in Sources */ = {isa = PBXBuildFile; fileRef = BC6A36D71D7EA80E009639C9 /* MSRoomCellModel.m */; };
		BC6A36E11D7EA8A8009639C9 /* DYBannerModel.m in Sources */ = {isa = PBXBuildFile; fileRef = BC6A36DE1D7EA8A8009639C9 /* DYBannerModel.m */; };
		BC6A36E21D7EA8A8009639C9 /* DYRoomModel.m in Sources */ = {isa = PBXBuildFile; fileRef = BC6A36E01D7EA8A8009639C9 /* DYRoomModel.m */; };
		BC6A36E81D7EAC36009639C9 /* DYFaceRoomCell.m in Sources */ = {isa = PBXBuildFile; fileRef = BC6A36E71D7EAC36009639C9 /* DYFaceRoomCell.m */; };
		BC6A36EA1D7EB05F009639C9 /* AudioToolbox.framework in Frameworks */ = {isa = PBXBuildFile; fileRef = BC6A36E91D7EB05F009639C9 /* AudioToolbox.framework */; };
		BC6A36EC1D7EB065009639C9 /* AVFoundation.framework in Frameworks */ = {isa = PBXBuildFile; fileRef = BC6A36EB1D7EB065009639C9 /* AVFoundation.framework */; };
		BC6A36EE1D7EB06D009639C9 /* CoreGraphics.framework in Frameworks */ = {isa = PBXBuildFile; fileRef = BC6A36ED1D7EB06D009639C9 /* CoreGraphics.framework */; };
		BC6A36F01D7EB075009639C9 /* CoreMedia.framework in Frameworks */ = {isa = PBXBuildFile; fileRef = BC6A36EF1D7EB075009639C9 /* CoreMedia.framework */; };
		BC6A36F21D7EB095009639C9 /* CoreVideo.framework in Frameworks */ = {isa = PBXBuildFile; fileRef = BC6A36F11D7EB095009639C9 /* CoreVideo.framework */; };
		BC6A36F41D7EB0AB009639C9 /* MediaPlayer.framework in Frameworks */ = {isa = PBXBuildFile; fileRef = BC6A36F31D7EB0AB009639C9 /* MediaPlayer.framework */; };
		BC6A36F61D7EB0B3009639C9 /* MobileCoreServices.framework in Frameworks */ = {isa = PBXBuildFile; fileRef = BC6A36F51D7EB0B3009639C9 /* MobileCoreServices.framework */; };
		BC6A36F81D7EB0BC009639C9 /* OpenGLES.framework in Frameworks */ = {isa = PBXBuildFile; fileRef = BC6A36F71D7EB0BC009639C9 /* OpenGLES.framework */; };
		BC6A36FA1D7EB0C4009639C9 /* QuartzCore.framework in Frameworks */ = {isa = PBXBuildFile; fileRef = BC6A36F91D7EB0C4009639C9 /* QuartzCore.framework */; };
		BC6A36FC1D7EB0CB009639C9 /* UIKit.framework in Frameworks */ = {isa = PBXBuildFile; fileRef = BC6A36FB1D7EB0CB009639C9 /* UIKit.framework */; };
		BC6A36FE1D7EB0D1009639C9 /* VideoToolbox.framework in Frameworks */ = {isa = PBXBuildFile; fileRef = BC6A36FD1D7EB0D1009639C9 /* VideoToolbox.framework */; };
		BC6A37001D7EB0D7009639C9 /* libz.tbd in Frameworks */ = {isa = PBXBuildFile; fileRef = BC6A36FF1D7EB0D7009639C9 /* libz.tbd */; };
		BC6A37021D7EB0DD009639C9 /* libbz2.tbd in Frameworks */ = {isa = PBXBuildFile; fileRef = BC6A37011D7EB0DD009639C9 /* libbz2.tbd */; };
		BC6A37051D7EB23F009639C9 /* MSLiveSteamViewController.m in Sources */ = {isa = PBXBuildFile; fileRef = BC6A37041D7EB23F009639C9 /* MSLiveSteamViewController.m */; };
		BC6A37081D7EB31C009639C9 /* MSBasePlayerView.m in Sources */ = {isa = PBXBuildFile; fileRef = BC6A37071D7EB31C009639C9 /* MSBasePlayerView.m */; };
		BC6A370D1D7EB4B2009639C9 /* MSPlayerToolView.m in Sources */ = {isa = PBXBuildFile; fileRef = BC6A370C1D7EB4B2009639C9 /* MSPlayerToolView.m */; };
		BC6A37121D7EBE00009639C9 /* MSNetworking+QMAPI.m in Sources */ = {isa = PBXBuildFile; fileRef = BC6A37111D7EBE00009639C9 /* MSNetworking+QMAPI.m */; };
		BC6A37161D7EBE75009639C9 /* NSDate+MSExtension.m in Sources */ = {isa = PBXBuildFile; fileRef = BC6A37151D7EBE75009639C9 /* NSDate+MSExtension.m */; };
		BC6A37191D7EBEF2009639C9 /* QMBannerModel.m in Sources */ = {isa = PBXBuildFile; fileRef = BC6A37181D7EBEF2009639C9 /* QMBannerModel.m */; };
		BC6A371C1D7EBEFF009639C9 /* QMRoomModel.m in Sources */ = {isa = PBXBuildFile; fileRef = BC6A371B1D7EBEFF009639C9 /* QMRoomModel.m */; };
		BC6A371F1D7EC2EA009639C9 /* MSAPITest.m in Sources */ = {isa = PBXBuildFile; fileRef = BC6A371E1D7EC2EA009639C9 /* MSAPITest.m */; };
		BC6A37221D7EC33F009639C9 /* QMApiTes.m in Sources */ = {isa = PBXBuildFile; fileRef = BC6A37211D7EC33F009639C9 /* QMApiTes.m */; };
		BC6A37281D7EC7FA009639C9 /* QMCateModel.m in Sources */ = {isa = PBXBuildFile; fileRef = BC6A37271D7EC7FA009639C9 /* QMCateModel.m */; };
		BC6B65991D7FA9A700714941 /* MSQMHomeVC.m in Sources */ = {isa = PBXBuildFile; fileRef = BC6B65981D7FA9A700714941 /* MSQMHomeVC.m */; };
		BC6B659F1D7FE8E200714941 /* MSQMBannerView.m in Sources */ = {isa = PBXBuildFile; fileRef = BC6B659E1D7FE8E200714941 /* MSQMBannerView.m */; };
		BC89F0A31D7D47F700F0A2B5 /* main.m in Sources */ = {isa = PBXBuildFile; fileRef = BC89F0A21D7D47F700F0A2B5 /* main.m */; };
		BC89F0A61D7D47F700F0A2B5 /* AppDelegate.m in Sources */ = {isa = PBXBuildFile; fileRef = BC89F0A51D7D47F700F0A2B5 /* AppDelegate.m */; };
		BC89F0AC1D7D47F700F0A2B5 /* Main.storyboard in Resources */ = {isa = PBXBuildFile; fileRef = BC89F0AA1D7D47F700F0A2B5 /* Main.storyboard */; };
		BC89F0AE1D7D47F700F0A2B5 /* Assets.xcassets in Resources */ = {isa = PBXBuildFile; fileRef = BC89F0AD1D7D47F700F0A2B5 /* Assets.xcassets */; };
		BC89F0B11D7D47F700F0A2B5 /* LaunchScreen.storyboard in Resources */ = {isa = PBXBuildFile; fileRef = BC89F0AF1D7D47F700F0A2B5 /* LaunchScreen.storyboard */; };
		BC89F0BC1D7D47F700F0A2B5 /* MSLiveBoxTests.m in Sources */ = {isa = PBXBuildFile; fileRef = BC89F0BB1D7D47F700F0A2B5 /* MSLiveBoxTests.m */; };
		BC89F0C71D7D47F700F0A2B5 /* MSLiveBoxUITests.m in Sources */ = {isa = PBXBuildFile; fileRef = BC89F0C61D7D47F700F0A2B5 /* MSLiveBoxUITests.m */; };
		BC89F1111D7D517000F0A2B5 /* CYLPlusButton.m in Sources */ = {isa = PBXBuildFile; fileRef = BC89F0F21D7D517000F0A2B5 /* CYLPlusButton.m */; };
		BC89F1121D7D517000F0A2B5 /* CYLTabBar.m in Sources */ = {isa = PBXBuildFile; fileRef = BC89F0F41D7D517000F0A2B5 /* CYLTabBar.m */; };
		BC89F1131D7D517000F0A2B5 /* CYLTabBarController.m in Sources */ = {isa = PBXBuildFile; fileRef = BC89F0F61D7D517000F0A2B5 /* CYLTabBarController.m */; };
		BC89F1141D7D517000F0A2B5 /* UIViewController+CYLTabBarControllerExtention.m in Sources */ = {isa = PBXBuildFile; fileRef = BC89F0F81D7D517000F0A2B5 /* UIViewController+CYLTabBarControllerExtention.m */; };
		BC89F1151D7D517000F0A2B5 /* FPSLabel.m in Sources */ = {isa = PBXBuildFile; fileRef = BC89F0FB1D7D517000F0A2B5 /* FPSLabel.m */; };
		BC89F1161D7D517000F0A2B5 /* MSCircleBaseCell.m in Sources */ = {isa = PBXBuildFile; fileRef = BC89F0FE1D7D517000F0A2B5 /* MSCircleBaseCell.m */; };
		BC89F1171D7D517000F0A2B5 /* MSCircleView.m in Sources */ = {isa = PBXBuildFile; fileRef = BC89F1001D7D517000F0A2B5 /* MSCircleView.m */; };
		BC89F1181D7D517000F0A2B5 /* ZCApiAction.m in Sources */ = {isa = PBXBuildFile; fileRef = BC89F1041D7D517000F0A2B5 /* ZCApiAction.m */; };
		BC89F1191D7D517000F0A2B5 /* ZCApiDownloadAction.m in Sources */ = {isa = PBXBuildFile; fileRef = BC89F1061D7D517000F0A2B5 /* ZCApiDownloadAction.m */; };
		BC89F11A1D7D517000F0A2B5 /* ZCApiRunner.m in Sources */ = {isa = PBXBuildFile; fileRef = BC89F1091D7D517000F0A2B5 /* ZCApiRunner.m */; };
		BC89F11B1D7D517000F0A2B5 /* ZCApiUploadAction.m in Sources */ = {isa = PBXBuildFile; fileRef = BC89F10B1D7D517000F0A2B5 /* ZCApiUploadAction.m */; };
		BC89F11C1D7D517000F0A2B5 /* ZCChainProcessor.m in Sources */ = {isa = PBXBuildFile; fileRef = BC89F10E1D7D517000F0A2B5 /* ZCChainProcessor.m */; };
		BC89F11D1D7D517000F0A2B5 /* ZCNetworking.m in Sources */ = {isa = PBXBuildFile; fileRef = BC89F1101D7D517000F0A2B5 /* ZCNetworking.m */; };
		BC89F1201D7D519600F0A2B5 /* MSNetworking.m in Sources */ = {isa = PBXBuildFile; fileRef = BC89F11F1D7D519600F0A2B5 /* MSNetworking.m */; };
		BC89F1231D7D51F700F0A2B5 /* MSTabBarControllerConfig.m in Sources */ = {isa = PBXBuildFile; fileRef = BC89F1221D7D51F700F0A2B5 /* MSTabBarControllerConfig.m */; };
		BC89F1261D7D529900F0A2B5 /* MSBaseTabBarController.m in Sources */ = {isa = PBXBuildFile; fileRef = BC89F1251D7D529900F0A2B5 /* MSBaseTabBarController.m */; };
		BC89F1291D7D52B400F0A2B5 /* MSBaseNavigationController.m in Sources */ = {isa = PBXBuildFile; fileRef = BC89F1281D7D52B400F0A2B5 /* MSBaseNavigationController.m */; };
		BC89F12C1D7D52EC00F0A2B5 /* MSBaseViewController.m in Sources */ = {isa = PBXBuildFile; fileRef = BC89F12B1D7D52EC00F0A2B5 /* MSBaseViewController.m */; };
		BC89F12F1D7D53A900F0A2B5 /* MSHomeViewController.m in Sources */ = {isa = PBXBuildFile; fileRef = BC89F12E1D7D53A900F0A2B5 /* MSHomeViewController.m */; };
		BC89F1321D7D53D000F0A2B5 /* MSMyCenterViewController.m in Sources */ = {isa = PBXBuildFile; fileRef = BC89F1311D7D53D000F0A2B5 /* MSMyCenterViewController.m */; };
		BC89F1351D7D53F500F0A2B5 /* MSLiveViewController.m in Sources */ = {isa = PBXBuildFile; fileRef = BC89F1341D7D53F500F0A2B5 /* MSLiveViewController.m */; };
		BC89F1381D7D540600F0A2B5 /* MSFollowViewController.m in Sources */ = {isa = PBXBuildFile; fileRef = BC89F1371D7D540600F0A2B5 /* MSFollowViewController.m */; };
		BC89F13E1D7D549700F0A2B5 /* NSString+Code.m in Sources */ = {isa = PBXBuildFile; fileRef = BC89F13B1D7D549700F0A2B5 /* NSString+Code.m */; };
		BC89F13F1D7D549700F0A2B5 /* NSString+Util.m in Sources */ = {isa = PBXBuildFile; fileRef = BC89F13D1D7D549700F0A2B5 /* NSString+Util.m */; };
		BC89F14D1D7D550500F0A2B5 /* UIView+ZJFrame.m in Sources */ = {isa = PBXBuildFile; fileRef = BC89F1421D7D550500F0A2B5 /* UIView+ZJFrame.m */; };
		BC89F14E1D7D550500F0A2B5 /* ZJContentView.m in Sources */ = {isa = PBXBuildFile; fileRef = BC89F1441D7D550500F0A2B5 /* ZJContentView.m */; };
		BC89F14F1D7D550500F0A2B5 /* ZJCustomLabel.m in Sources */ = {isa = PBXBuildFile; fileRef = BC89F1461D7D550500F0A2B5 /* ZJCustomLabel.m */; };
		BC89F1501D7D550500F0A2B5 /* ZJScrollPageView.m in Sources */ = {isa = PBXBuildFile; fileRef = BC89F1481D7D550500F0A2B5 /* ZJScrollPageView.m */; };
		BC89F1511D7D550500F0A2B5 /* ZJScrollSegmentView.m in Sources */ = {isa = PBXBuildFile; fileRef = BC89F14A1D7D550500F0A2B5 /* ZJScrollSegmentView.m */; };
		BC89F1521D7D550500F0A2B5 /* ZJSegmentStyle.m in Sources */ = {isa = PBXBuildFile; fileRef = BC89F14C1D7D550500F0A2B5 /* ZJSegmentStyle.m */; };
		BC89F1551D7D56EA00F0A2B5 /* MSHomeBaseCollectionVC.m in Sources */ = {isa = PBXBuildFile; fileRef = BC89F1541D7D56EA00F0A2B5 /* MSHomeBaseCollectionVC.m */; };
		BC89F1581D7D574F00F0A2B5 /* MSLiveCollectionView.m in Sources */ = {isa = PBXBuildFile; fileRef = BC89F1571D7D574F00F0A2B5 /* MSLiveCollectionView.m */; };
		BC89F15B1D7D5A8500F0A2B5 /* MSBaseRoomCell.m in Sources */ = {isa = PBXBuildFile; fileRef = BC89F15A1D7D5A8500F0A2B5 /* MSBaseRoomCell.m */; };
		BC89F1611D7D5F4F00F0A2B5 /* MSNetworking+DYAPI.m in Sources */ = {isa = PBXBuildFile; fileRef = BC89F1601D7D5F4F00F0A2B5 /* MSNetworking+DYAPI.m */; };
		BC89F1651D7D630D00F0A2B5 /* MSDYHomeVC.m in Sources */ = {isa = PBXBuildFile; fileRef = BC89F1641D7D630D00F0A2B5 /* MSDYHomeVC.m */; };
		BC89F1681D7D639B00F0A2B5 /* MSBaseBannerView.m in Sources */ = {isa = PBXBuildFile; fileRef = BC89F1671D7D639B00F0A2B5 /* MSBaseBannerView.m */; };
		BC89F1711D7D67E000F0A2B5 /* DYApiTest.m in Sources */ = {isa = PBXBuildFile; fileRef = BC89F1701D7D67E000F0A2B5 /* DYApiTest.m */; };
		BC9A811A1D826035005A98C7 /* MSBaseCateModel.m in Sources */ = {isa = PBXBuildFile; fileRef = BC9A81191D826035005A98C7 /* MSBaseCateModel.m */; };
		BC9A811D1D82621E005A98C7 /* QMRemenCateModel.m in Sources */ = {isa = PBXBuildFile; fileRef = BC9A811C1D82621E005A98C7 /* QMRemenCateModel.m */; };
		BD58217F29140CCA0B6EDAD4 /* libPods-MSLiveBoxUITests.a in Frameworks */ = {isa = PBXBuildFile; fileRef = 1102CDE6BCDBD04DAAFBA160 /* libPods-MSLiveBoxUITests.a */; };
		CB4A7411D847D7FA1565B443 /* libPods-MSLiveBoxTests.a in Frameworks */ = {isa = PBXBuildFile; fileRef = B7A090FD0BFA4E3C2E069C57 /* libPods-MSLiveBoxTests.a */; };
/* End PBXBuildFile section */

/* Begin PBXContainerItemProxy section */
		BC89F0B81D7D47F700F0A2B5 /* PBXContainerItemProxy */ = {
			isa = PBXContainerItemProxy;
			containerPortal = BC89F0961D7D47F700F0A2B5 /* Project object */;
			proxyType = 1;
			remoteGlobalIDString = BC89F09D1D7D47F700F0A2B5;
			remoteInfo = MSLiveBox;
		};
		BC89F0C31D7D47F700F0A2B5 /* PBXContainerItemProxy */ = {
			isa = PBXContainerItemProxy;
			containerPortal = BC89F0961D7D47F700F0A2B5 /* Project object */;
			proxyType = 1;
			remoteGlobalIDString = BC89F09D1D7D47F700F0A2B5;
			remoteInfo = MSLiveBox;
		};
/* End PBXContainerItemProxy section */

/* Begin PBXFileReference section */
		0041210281B35ECB6B8A1245 /* Pods-MSLiveBoxTests.debug.xcconfig */ = {isa = PBXFileReference; includeInIndex = 1; lastKnownFileType = text.xcconfig; name = "Pods-MSLiveBoxTests.debug.xcconfig"; path = "Pods/Target Support Files/Pods-MSLiveBoxTests/Pods-MSLiveBoxTests.debug.xcconfig"; sourceTree = "<group>"; };
		1102CDE6BCDBD04DAAFBA160 /* libPods-MSLiveBoxUITests.a */ = {isa = PBXFileReference; explicitFileType = archive.ar; includeInIndex = 0; path = "libPods-MSLiveBoxUITests.a"; sourceTree = BUILT_PRODUCTS_DIR; };
		1CC6B5193CCF8DCCDC79FDA4 /* Pods-MSLiveBoxTests.release.xcconfig */ = {isa = PBXFileReference; includeInIndex = 1; lastKnownFileType = text.xcconfig; name = "Pods-MSLiveBoxTests.release.xcconfig"; path = "Pods/Target Support Files/Pods-MSLiveBoxTests/Pods-MSLiveBoxTests.release.xcconfig"; sourceTree = "<group>"; };
		55CDDE664BCFDF4EC4E135C0 /* Pods-MSLiveBoxUITests.release.xcconfig */ = {isa = PBXFileReference; includeInIndex = 1; lastKnownFileType = text.xcconfig; name = "Pods-MSLiveBoxUITests.release.xcconfig"; path = "Pods/Target Support Files/Pods-MSLiveBoxUITests/Pods-MSLiveBoxUITests.release.xcconfig"; sourceTree = "<group>"; };
		B7A090FD0BFA4E3C2E069C57 /* libPods-MSLiveBoxTests.a */ = {isa = PBXFileReference; explicitFileType = archive.ar; includeInIndex = 0; path = "libPods-MSLiveBoxTests.a"; sourceTree = BUILT_PRODUCTS_DIR; };
		BC6A36B81D7E7377009639C9 /* UIImage+RoundedCorner.h */ = {isa = PBXFileReference; fileEncoding = 4; lastKnownFileType = sourcecode.c.h; path = "UIImage+RoundedCorner.h"; sourceTree = "<group>"; };
		BC6A36B91D7E7377009639C9 /* UIImage+RoundedCorner.m */ = {isa = PBXFileReference; fileEncoding = 4; lastKnownFileType = sourcecode.c.objc; path = "UIImage+RoundedCorner.m"; sourceTree = "<group>"; };
		BC6A36BA1D7E7377009639C9 /* UIView+RoundedCorner.h */ = {isa = PBXFileReference; fileEncoding = 4; lastKnownFileType = sourcecode.c.h; path = "UIView+RoundedCorner.h"; sourceTree = "<group>"; };
		BC6A36BB1D7E7377009639C9 /* UIView+RoundedCorner.m */ = {isa = PBXFileReference; fileEncoding = 4; lastKnownFileType = sourcecode.c.objc; path = "UIView+RoundedCorner.m"; sourceTree = "<group>"; };
		BC6A36BC1D7E7377009639C9 /* UIImageView+CornerRadius.h */ = {isa = PBXFileReference; fileEncoding = 4; lastKnownFileType = sourcecode.c.h; path = "UIImageView+CornerRadius.h"; sourceTree = "<group>"; };
		BC6A36BD1D7E7377009639C9 /* UIImageView+CornerRadius.m */ = {isa = PBXFileReference; fileEncoding = 4; lastKnownFileType = sourcecode.c.objc; path = "UIImageView+CornerRadius.m"; sourceTree = "<group>"; };
		BC6A36BE1D7E7377009639C9 /* UIView+MSUtil.h */ = {isa = PBXFileReference; fileEncoding = 4; lastKnownFileType = sourcecode.c.h; path = "UIView+MSUtil.h"; sourceTree = "<group>"; };
		BC6A36BF1D7E7377009639C9 /* UIView+MSUtil.m */ = {isa = PBXFileReference; fileEncoding = 4; lastKnownFileType = sourcecode.c.objc; path = "UIView+MSUtil.m"; sourceTree = "<group>"; };
		BC6A36C71D7E9D5D009639C9 /* MSBaseSectionHeaderView.h */ = {isa = PBXFileReference; fileEncoding = 4; lastKnownFileType = sourcecode.c.h; name = MSBaseSectionHeaderView.h; path = MSLiveBox/Base/View/MSBaseSectionHeaderView.h; sourceTree = SOURCE_ROOT; };
		BC6A36C81D7E9D5D009639C9 /* MSBaseSectionHeaderView.m */ = {isa = PBXFileReference; fileEncoding = 4; lastKnownFileType = sourcecode.c.objc; name = MSBaseSectionHeaderView.m; path = MSLiveBox/Base/View/MSBaseSectionHeaderView.m; sourceTree = SOURCE_ROOT; };
		BC6A36CB1D7E9DE4009639C9 /* UIColor+MSUtil.h */ = {isa = PBXFileReference; fileEncoding = 4; lastKnownFileType = sourcecode.c.h; path = "UIColor+MSUtil.h"; sourceTree = "<group>"; };
		BC6A36CC1D7E9DE4009639C9 /* UIColor+MSUtil.m */ = {isa = PBXFileReference; fileEncoding = 4; lastKnownFileType = sourcecode.c.objc; path = "UIColor+MSUtil.m"; sourceTree = "<group>"; };
		BC6A36D31D7EA80E009639C9 /* MSBaseBannerModel.h */ = {isa = PBXFileReference; fileEncoding = 4; lastKnownFileType = sourcecode.c.h; path = MSBaseBannerModel.h; sourceTree = "<group>"; };
		BC6A36D41D7EA80E009639C9 /* MSBaseBannerModel.m */ = {isa = PBXFileReference; fileEncoding = 4; lastKnownFileType = sourcecode.c.objc; path = MSBaseBannerModel.m; sourceTree = "<group>"; };
		BC6A36D51D7EA80E009639C9 /* MSModelAdapterProtocol.h */ = {isa = PBXFileReference; fileEncoding = 4; lastKnownFileType = sourcecode.c.h; path = MSModelAdapterProtocol.h; sourceTree = "<group>"; };
		BC6A36D61D7EA80E009639C9 /* MSRoomCellModel.h */ = {isa = PBXFileReference; fileEncoding = 4; lastKnownFileType = sourcecode.c.h; path = MSRoomCellModel.h; sourceTree = "<group>"; };
		BC6A36D71D7EA80E009639C9 /* MSRoomCellModel.m */ = {isa = PBXFileReference; fileEncoding = 4; lastKnownFileType = sourcecode.c.objc; path = MSRoomCellModel.m; sourceTree = "<group>"; };
		BC6A36DD1D7EA8A8009639C9 /* DYBannerModel.h */ = {isa = PBXFileReference; fileEncoding = 4; lastKnownFileType = sourcecode.c.h; path = DYBannerModel.h; sourceTree = "<group>"; };
		BC6A36DE1D7EA8A8009639C9 /* DYBannerModel.m */ = {isa = PBXFileReference; fileEncoding = 4; lastKnownFileType = sourcecode.c.objc; path = DYBannerModel.m; sourceTree = "<group>"; };
		BC6A36DF1D7EA8A8009639C9 /* DYRoomModel.h */ = {isa = PBXFileReference; fileEncoding = 4; lastKnownFileType = sourcecode.c.h; path = DYRoomModel.h; sourceTree = "<group>"; };
		BC6A36E01D7EA8A8009639C9 /* DYRoomModel.m */ = {isa = PBXFileReference; fileEncoding = 4; lastKnownFileType = sourcecode.c.objc; path = DYRoomModel.m; sourceTree = "<group>"; };
		BC6A36E61D7EAC36009639C9 /* DYFaceRoomCell.h */ = {isa = PBXFileReference; fileEncoding = 4; lastKnownFileType = sourcecode.c.h; path = DYFaceRoomCell.h; sourceTree = "<group>"; };
		BC6A36E71D7EAC36009639C9 /* DYFaceRoomCell.m */ = {isa = PBXFileReference; fileEncoding = 4; lastKnownFileType = sourcecode.c.objc; path = DYFaceRoomCell.m; sourceTree = "<group>"; };
		BC6A36E91D7EB05F009639C9 /* AudioToolbox.framework */ = {isa = PBXFileReference; lastKnownFileType = wrapper.framework; name = AudioToolbox.framework; path = System/Library/Frameworks/AudioToolbox.framework; sourceTree = SDKROOT; };
		BC6A36EB1D7EB065009639C9 /* AVFoundation.framework */ = {isa = PBXFileReference; lastKnownFileType = wrapper.framework; name = AVFoundation.framework; path = System/Library/Frameworks/AVFoundation.framework; sourceTree = SDKROOT; };
		BC6A36ED1D7EB06D009639C9 /* CoreGraphics.framework */ = {isa = PBXFileReference; lastKnownFileType = wrapper.framework; name = CoreGraphics.framework; path = System/Library/Frameworks/CoreGraphics.framework; sourceTree = SDKROOT; };
		BC6A36EF1D7EB075009639C9 /* CoreMedia.framework */ = {isa = PBXFileReference; lastKnownFileType = wrapper.framework; name = CoreMedia.framework; path = System/Library/Frameworks/CoreMedia.framework; sourceTree = SDKROOT; };
		BC6A36F11D7EB095009639C9 /* CoreVideo.framework */ = {isa = PBXFileReference; lastKnownFileType = wrapper.framework; name = CoreVideo.framework; path = System/Library/Frameworks/CoreVideo.framework; sourceTree = SDKROOT; };
		BC6A36F31D7EB0AB009639C9 /* MediaPlayer.framework */ = {isa = PBXFileReference; lastKnownFileType = wrapper.framework; name = MediaPlayer.framework; path = System/Library/Frameworks/MediaPlayer.framework; sourceTree = SDKROOT; };
		BC6A36F51D7EB0B3009639C9 /* MobileCoreServices.framework */ = {isa = PBXFileReference; lastKnownFileType = wrapper.framework; name = MobileCoreServices.framework; path = System/Library/Frameworks/MobileCoreServices.framework; sourceTree = SDKROOT; };
		BC6A36F71D7EB0BC009639C9 /* OpenGLES.framework */ = {isa = PBXFileReference; lastKnownFileType = wrapper.framework; name = OpenGLES.framework; path = System/Library/Frameworks/OpenGLES.framework; sourceTree = SDKROOT; };
		BC6A36F91D7EB0C4009639C9 /* QuartzCore.framework */ = {isa = PBXFileReference; lastKnownFileType = wrapper.framework; name = QuartzCore.framework; path = System/Library/Frameworks/QuartzCore.framework; sourceTree = SDKROOT; };
		BC6A36FB1D7EB0CB009639C9 /* UIKit.framework */ = {isa = PBXFileReference; lastKnownFileType = wrapper.framework; name = UIKit.framework; path = System/Library/Frameworks/UIKit.framework; sourceTree = SDKROOT; };
		BC6A36FD1D7EB0D1009639C9 /* VideoToolbox.framework */ = {isa = PBXFileReference; lastKnownFileType = wrapper.framework; name = VideoToolbox.framework; path = System/Library/Frameworks/VideoToolbox.framework; sourceTree = SDKROOT; };
		BC6A36FF1D7EB0D7009639C9 /* libz.tbd */ = {isa = PBXFileReference; lastKnownFileType = "sourcecode.text-based-dylib-definition"; name = libz.tbd; path = usr/lib/libz.tbd; sourceTree = SDKROOT; };
		BC6A37011D7EB0DD009639C9 /* libbz2.tbd */ = {isa = PBXFileReference; lastKnownFileType = "sourcecode.text-based-dylib-definition"; name = libbz2.tbd; path = usr/lib/libbz2.tbd; sourceTree = SDKROOT; };
		BC6A37031D7EB23F009639C9 /* MSLiveSteamViewController.h */ = {isa = PBXFileReference; fileEncoding = 4; lastKnownFileType = sourcecode.c.h; path = MSLiveSteamViewController.h; sourceTree = "<group>"; };
		BC6A37041D7EB23F009639C9 /* MSLiveSteamViewController.m */ = {isa = PBXFileReference; fileEncoding = 4; lastKnownFileType = sourcecode.c.objc; path = MSLiveSteamViewController.m; sourceTree = "<group>"; };
		BC6A37061D7EB31C009639C9 /* MSBasePlayerView.h */ = {isa = PBXFileReference; fileEncoding = 4; lastKnownFileType = sourcecode.c.h; path = MSBasePlayerView.h; sourceTree = "<group>"; };
		BC6A37071D7EB31C009639C9 /* MSBasePlayerView.m */ = {isa = PBXFileReference; fileEncoding = 4; lastKnownFileType = sourcecode.c.objc; path = MSBasePlayerView.m; sourceTree = "<group>"; };
		BC6A370B1D7EB4B2009639C9 /* MSPlayerToolView.h */ = {isa = PBXFileReference; fileEncoding = 4; lastKnownFileType = sourcecode.c.h; path = MSPlayerToolView.h; sourceTree = "<group>"; };
		BC6A370C1D7EB4B2009639C9 /* MSPlayerToolView.m */ = {isa = PBXFileReference; fileEncoding = 4; lastKnownFileType = sourcecode.c.objc; path = MSPlayerToolView.m; sourceTree = "<group>"; };
		BC6A37101D7EBE00009639C9 /* MSNetworking+QMAPI.h */ = {isa = PBXFileReference; fileEncoding = 4; lastKnownFileType = sourcecode.c.h; path = "MSNetworking+QMAPI.h"; sourceTree = "<group>"; };
		BC6A37111D7EBE00009639C9 /* MSNetworking+QMAPI.m */ = {isa = PBXFileReference; fileEncoding = 4; lastKnownFileType = sourcecode.c.objc; path = "MSNetworking+QMAPI.m"; sourceTree = "<group>"; };
		BC6A37141D7EBE75009639C9 /* NSDate+MSExtension.h */ = {isa = PBXFileReference; fileEncoding = 4; lastKnownFileType = sourcecode.c.h; path = "NSDate+MSExtension.h"; sourceTree = "<group>"; };
		BC6A37151D7EBE75009639C9 /* NSDate+MSExtension.m */ = {isa = PBXFileReference; fileEncoding = 4; lastKnownFileType = sourcecode.c.objc; path = "NSDate+MSExtension.m"; sourceTree = "<group>"; };
		BC6A37171D7EBEF2009639C9 /* QMBannerModel.h */ = {isa = PBXFileReference; fileEncoding = 4; lastKnownFileType = sourcecode.c.h; path = QMBannerModel.h; sourceTree = "<group>"; };
		BC6A37181D7EBEF2009639C9 /* QMBannerModel.m */ = {isa = PBXFileReference; fileEncoding = 4; lastKnownFileType = sourcecode.c.objc; path = QMBannerModel.m; sourceTree = "<group>"; };
		BC6A371A1D7EBEFF009639C9 /* QMRoomModel.h */ = {isa = PBXFileReference; fileEncoding = 4; lastKnownFileType = sourcecode.c.h; path = QMRoomModel.h; sourceTree = "<group>"; };
		BC6A371B1D7EBEFF009639C9 /* QMRoomModel.m */ = {isa = PBXFileReference; fileEncoding = 4; lastKnownFileType = sourcecode.c.objc; path = QMRoomModel.m; sourceTree = "<group>"; };
		BC6A371D1D7EC2EA009639C9 /* MSAPITest.h */ = {isa = PBXFileReference; fileEncoding = 4; lastKnownFileType = sourcecode.c.h; path = MSAPITest.h; sourceTree = "<group>"; };
		BC6A371E1D7EC2EA009639C9 /* MSAPITest.m */ = {isa = PBXFileReference; fileEncoding = 4; lastKnownFileType = sourcecode.c.objc; path = MSAPITest.m; sourceTree = "<group>"; };
		BC6A37201D7EC33F009639C9 /* QMApiTes.h */ = {isa = PBXFileReference; fileEncoding = 4; lastKnownFileType = sourcecode.c.h; path = QMApiTes.h; sourceTree = "<group>"; };
		BC6A37211D7EC33F009639C9 /* QMApiTes.m */ = {isa = PBXFileReference; fileEncoding = 4; lastKnownFileType = sourcecode.c.objc; path = QMApiTes.m; sourceTree = "<group>"; };
		BC6A37261D7EC7FA009639C9 /* QMCateModel.h */ = {isa = PBXFileReference; fileEncoding = 4; lastKnownFileType = sourcecode.c.h; path = QMCateModel.h; sourceTree = "<group>"; };
		BC6A37271D7EC7FA009639C9 /* QMCateModel.m */ = {isa = PBXFileReference; fileEncoding = 4; lastKnownFileType = sourcecode.c.objc; path = QMCateModel.m; sourceTree = "<group>"; };
		BC6B65971D7FA9A700714941 /* MSQMHomeVC.h */ = {isa = PBXFileReference; fileEncoding = 4; lastKnownFileType = sourcecode.c.h; path = MSQMHomeVC.h; sourceTree = "<group>"; };
		BC6B65981D7FA9A700714941 /* MSQMHomeVC.m */ = {isa = PBXFileReference; fileEncoding = 4; lastKnownFileType = sourcecode.c.objc; path = MSQMHomeVC.m; sourceTree = "<group>"; };
		BC6B659D1D7FE8E200714941 /* MSQMBannerView.h */ = {isa = PBXFileReference; fileEncoding = 4; lastKnownFileType = sourcecode.c.h; path = MSQMBannerView.h; sourceTree = "<group>"; };
		BC6B659E1D7FE8E200714941 /* MSQMBannerView.m */ = {isa = PBXFileReference; fileEncoding = 4; lastKnownFileType = sourcecode.c.objc; path = MSQMBannerView.m; sourceTree = "<group>"; };
		BC89F09E1D7D47F700F0A2B5 /* MSLiveBox.app */ = {isa = PBXFileReference; explicitFileType = wrapper.application; includeInIndex = 0; path = MSLiveBox.app; sourceTree = BUILT_PRODUCTS_DIR; };
		BC89F0A21D7D47F700F0A2B5 /* main.m */ = {isa = PBXFileReference; lastKnownFileType = sourcecode.c.objc; path = main.m; sourceTree = "<group>"; };
		BC89F0A41D7D47F700F0A2B5 /* AppDelegate.h */ = {isa = PBXFileReference; lastKnownFileType = sourcecode.c.h; path = AppDelegate.h; sourceTree = "<group>"; };
		BC89F0A51D7D47F700F0A2B5 /* AppDelegate.m */ = {isa = PBXFileReference; lastKnownFileType = sourcecode.c.objc; path = AppDelegate.m; sourceTree = "<group>"; };
		BC89F0AB1D7D47F700F0A2B5 /* Base */ = {isa = PBXFileReference; lastKnownFileType = file.storyboard; name = Base; path = Base.lproj/Main.storyboard; sourceTree = "<group>"; };
		BC89F0AD1D7D47F700F0A2B5 /* Assets.xcassets */ = {isa = PBXFileReference; lastKnownFileType = folder.assetcatalog; path = Assets.xcassets; sourceTree = "<group>"; };
		BC89F0B01D7D47F700F0A2B5 /* Base */ = {isa = PBXFileReference; lastKnownFileType = file.storyboard; name = Base; path = Base.lproj/LaunchScreen.storyboard; sourceTree = "<group>"; };
		BC89F0B21D7D47F700F0A2B5 /* Info.plist */ = {isa = PBXFileReference; lastKnownFileType = text.plist.xml; path = Info.plist; sourceTree = "<group>"; };
		BC89F0B71D7D47F700F0A2B5 /* MSLiveBoxTests.xctest */ = {isa = PBXFileReference; explicitFileType = wrapper.cfbundle; includeInIndex = 0; path = MSLiveBoxTests.xctest; sourceTree = BUILT_PRODUCTS_DIR; };
		BC89F0BB1D7D47F700F0A2B5 /* MSLiveBoxTests.m */ = {isa = PBXFileReference; lastKnownFileType = sourcecode.c.objc; path = MSLiveBoxTests.m; sourceTree = "<group>"; };
		BC89F0BD1D7D47F700F0A2B5 /* Info.plist */ = {isa = PBXFileReference; lastKnownFileType = text.plist.xml; path = Info.plist; sourceTree = "<group>"; };
		BC89F0C21D7D47F700F0A2B5 /* MSLiveBoxUITests.xctest */ = {isa = PBXFileReference; explicitFileType = wrapper.cfbundle; includeInIndex = 0; path = MSLiveBoxUITests.xctest; sourceTree = BUILT_PRODUCTS_DIR; };
		BC89F0C61D7D47F700F0A2B5 /* MSLiveBoxUITests.m */ = {isa = PBXFileReference; lastKnownFileType = sourcecode.c.objc; path = MSLiveBoxUITests.m; sourceTree = "<group>"; };
		BC89F0C81D7D47F700F0A2B5 /* Info.plist */ = {isa = PBXFileReference; lastKnownFileType = text.plist.xml; path = Info.plist; sourceTree = "<group>"; };
		BC89F0EE1D7D50D400F0A2B5 /* msconsts.h */ = {isa = PBXFileReference; lastKnownFileType = sourcecode.c.h; path = msconsts.h; sourceTree = "<group>"; };
		BC89F0EF1D7D50D400F0A2B5 /* MSPrefixHeader.pch */ = {isa = PBXFileReference; lastKnownFileType = sourcecode.c.h; path = MSPrefixHeader.pch; sourceTree = "<group>"; };
		BC89F0F11D7D517000F0A2B5 /* CYLPlusButton.h */ = {isa = PBXFileReference; fileEncoding = 4; lastKnownFileType = sourcecode.c.h; path = CYLPlusButton.h; sourceTree = "<group>"; };
		BC89F0F21D7D517000F0A2B5 /* CYLPlusButton.m */ = {isa = PBXFileReference; fileEncoding = 4; lastKnownFileType = sourcecode.c.objc; path = CYLPlusButton.m; sourceTree = "<group>"; };
		BC89F0F31D7D517000F0A2B5 /* CYLTabBar.h */ = {isa = PBXFileReference; fileEncoding = 4; lastKnownFileType = sourcecode.c.h; path = CYLTabBar.h; sourceTree = "<group>"; };
		BC89F0F41D7D517000F0A2B5 /* CYLTabBar.m */ = {isa = PBXFileReference; fileEncoding = 4; lastKnownFileType = sourcecode.c.objc; path = CYLTabBar.m; sourceTree = "<group>"; };
		BC89F0F51D7D517000F0A2B5 /* CYLTabBarController.h */ = {isa = PBXFileReference; fileEncoding = 4; lastKnownFileType = sourcecode.c.h; path = CYLTabBarController.h; sourceTree = "<group>"; };
		BC89F0F61D7D517000F0A2B5 /* CYLTabBarController.m */ = {isa = PBXFileReference; fileEncoding = 4; lastKnownFileType = sourcecode.c.objc; path = CYLTabBarController.m; sourceTree = "<group>"; };
		BC89F0F71D7D517000F0A2B5 /* UIViewController+CYLTabBarControllerExtention.h */ = {isa = PBXFileReference; fileEncoding = 4; lastKnownFileType = sourcecode.c.h; path = "UIViewController+CYLTabBarControllerExtention.h"; sourceTree = "<group>"; };
		BC89F0F81D7D517000F0A2B5 /* UIViewController+CYLTabBarControllerExtention.m */ = {isa = PBXFileReference; fileEncoding = 4; lastKnownFileType = sourcecode.c.objc; path = "UIViewController+CYLTabBarControllerExtention.m"; sourceTree = "<group>"; };
		BC89F0FA1D7D517000F0A2B5 /* FPSLabel.h */ = {isa = PBXFileReference; fileEncoding = 4; lastKnownFileType = sourcecode.c.h; path = FPSLabel.h; sourceTree = "<group>"; };
		BC89F0FB1D7D517000F0A2B5 /* FPSLabel.m */ = {isa = PBXFileReference; fileEncoding = 4; lastKnownFileType = sourcecode.c.objc; path = FPSLabel.m; sourceTree = "<group>"; };
		BC89F0FD1D7D517000F0A2B5 /* MSCircleBaseCell.h */ = {isa = PBXFileReference; fileEncoding = 4; lastKnownFileType = sourcecode.c.h; path = MSCircleBaseCell.h; sourceTree = "<group>"; };
		BC89F0FE1D7D517000F0A2B5 /* MSCircleBaseCell.m */ = {isa = PBXFileReference; fileEncoding = 4; lastKnownFileType = sourcecode.c.objc; path = MSCircleBaseCell.m; sourceTree = "<group>"; };
		BC89F0FF1D7D517000F0A2B5 /* MSCircleView.h */ = {isa = PBXFileReference; fileEncoding = 4; lastKnownFileType = sourcecode.c.h; path = MSCircleView.h; sourceTree = "<group>"; };
		BC89F1001D7D517000F0A2B5 /* MSCircleView.m */ = {isa = PBXFileReference; fileEncoding = 4; lastKnownFileType = sourcecode.c.objc; path = MSCircleView.m; sourceTree = "<group>"; };
		BC89F1031D7D517000F0A2B5 /* ZCApiAction.h */ = {isa = PBXFileReference; fileEncoding = 4; lastKnownFileType = sourcecode.c.h; path = ZCApiAction.h; sourceTree = "<group>"; };
		BC89F1041D7D517000F0A2B5 /* ZCApiAction.m */ = {isa = PBXFileReference; fileEncoding = 4; lastKnownFileType = sourcecode.c.objc; path = ZCApiAction.m; sourceTree = "<group>"; };
		BC89F1051D7D517000F0A2B5 /* ZCApiDownloadAction.h */ = {isa = PBXFileReference; fileEncoding = 4; lastKnownFileType = sourcecode.c.h; path = ZCApiDownloadAction.h; sourceTree = "<group>"; };
		BC89F1061D7D517000F0A2B5 /* ZCApiDownloadAction.m */ = {isa = PBXFileReference; fileEncoding = 4; lastKnownFileType = sourcecode.c.objc; path = ZCApiDownloadAction.m; sourceTree = "<group>"; };
		BC89F1071D7D517000F0A2B5 /* ZCApiLauncher.h */ = {isa = PBXFileReference; fileEncoding = 4; lastKnownFileType = sourcecode.c.h; path = ZCApiLauncher.h; sourceTree = "<group>"; };
		BC89F1081D7D517000F0A2B5 /* ZCApiRunner.h */ = {isa = PBXFileReference; fileEncoding = 4; lastKnownFileType = sourcecode.c.h; path = ZCApiRunner.h; sourceTree = "<group>"; };
		BC89F1091D7D517000F0A2B5 /* ZCApiRunner.m */ = {isa = PBXFileReference; fileEncoding = 4; lastKnownFileType = sourcecode.c.objc; path = ZCApiRunner.m; sourceTree = "<group>"; };
		BC89F10A1D7D517000F0A2B5 /* ZCApiUploadAction.h */ = {isa = PBXFileReference; fileEncoding = 4; lastKnownFileType = sourcecode.c.h; path = ZCApiUploadAction.h; sourceTree = "<group>"; };
		BC89F10B1D7D517000F0A2B5 /* ZCApiUploadAction.m */ = {isa = PBXFileReference; fileEncoding = 4; lastKnownFileType = sourcecode.c.objc; path = ZCApiUploadAction.m; sourceTree = "<group>"; };
		BC89F10C1D7D517000F0A2B5 /* ZCBlockDefine.h */ = {isa = PBXFileReference; fileEncoding = 4; lastKnownFileType = sourcecode.c.h; path = ZCBlockDefine.h; sourceTree = "<group>"; };
		BC89F10D1D7D517000F0A2B5 /* ZCChainProcessor.h */ = {isa = PBXFileReference; fileEncoding = 4; lastKnownFileType = sourcecode.c.h; path = ZCChainProcessor.h; sourceTree = "<group>"; };
		BC89F10E1D7D517000F0A2B5 /* ZCChainProcessor.m */ = {isa = PBXFileReference; fileEncoding = 4; lastKnownFileType = sourcecode.c.objc; path = ZCChainProcessor.m; sourceTree = "<group>"; };
		BC89F10F1D7D517000F0A2B5 /* ZCNetworking.h */ = {isa = PBXFileReference; fileEncoding = 4; lastKnownFileType = sourcecode.c.h; path = ZCNetworking.h; sourceTree = "<group>"; };
		BC89F1101D7D517000F0A2B5 /* ZCNetworking.m */ = {isa = PBXFileReference; fileEncoding = 4; lastKnownFileType = sourcecode.c.objc; path = ZCNetworking.m; sourceTree = "<group>"; };
		BC89F11E1D7D519600F0A2B5 /* MSNetworking.h */ = {isa = PBXFileReference; fileEncoding = 4; lastKnownFileType = sourcecode.c.h; path = MSNetworking.h; sourceTree = "<group>"; };
		BC89F11F1D7D519600F0A2B5 /* MSNetworking.m */ = {isa = PBXFileReference; fileEncoding = 4; lastKnownFileType = sourcecode.c.objc; path = MSNetworking.m; sourceTree = "<group>"; };
		BC89F1211D7D51F700F0A2B5 /* MSTabBarControllerConfig.h */ = {isa = PBXFileReference; fileEncoding = 4; lastKnownFileType = sourcecode.c.h; path = MSTabBarControllerConfig.h; sourceTree = "<group>"; };
		BC89F1221D7D51F700F0A2B5 /* MSTabBarControllerConfig.m */ = {isa = PBXFileReference; fileEncoding = 4; lastKnownFileType = sourcecode.c.objc; path = MSTabBarControllerConfig.m; sourceTree = "<group>"; };
		BC89F1241D7D529900F0A2B5 /* MSBaseTabBarController.h */ = {isa = PBXFileReference; fileEncoding = 4; lastKnownFileType = sourcecode.c.h; path = MSBaseTabBarController.h; sourceTree = "<group>"; };
		BC89F1251D7D529900F0A2B5 /* MSBaseTabBarController.m */ = {isa = PBXFileReference; fileEncoding = 4; lastKnownFileType = sourcecode.c.objc; path = MSBaseTabBarController.m; sourceTree = "<group>"; };
		BC89F1271D7D52B400F0A2B5 /* MSBaseNavigationController.h */ = {isa = PBXFileReference; fileEncoding = 4; lastKnownFileType = sourcecode.c.h; path = MSBaseNavigationController.h; sourceTree = "<group>"; };
		BC89F1281D7D52B400F0A2B5 /* MSBaseNavigationController.m */ = {isa = PBXFileReference; fileEncoding = 4; lastKnownFileType = sourcecode.c.objc; path = MSBaseNavigationController.m; sourceTree = "<group>"; };
		BC89F12A1D7D52EC00F0A2B5 /* MSBaseViewController.h */ = {isa = PBXFileReference; fileEncoding = 4; lastKnownFileType = sourcecode.c.h; path = MSBaseViewController.h; sourceTree = "<group>"; };
		BC89F12B1D7D52EC00F0A2B5 /* MSBaseViewController.m */ = {isa = PBXFileReference; fileEncoding = 4; lastKnownFileType = sourcecode.c.objc; path = MSBaseViewController.m; sourceTree = "<group>"; };
		BC89F12D1D7D53A900F0A2B5 /* MSHomeViewController.h */ = {isa = PBXFileReference; fileEncoding = 4; lastKnownFileType = sourcecode.c.h; path = MSHomeViewController.h; sourceTree = "<group>"; };
		BC89F12E1D7D53A900F0A2B5 /* MSHomeViewController.m */ = {isa = PBXFileReference; fileEncoding = 4; lastKnownFileType = sourcecode.c.objc; path = MSHomeViewController.m; sourceTree = "<group>"; };
		BC89F1301D7D53D000F0A2B5 /* MSMyCenterViewController.h */ = {isa = PBXFileReference; fileEncoding = 4; lastKnownFileType = sourcecode.c.h; path = MSMyCenterViewController.h; sourceTree = "<group>"; };
		BC89F1311D7D53D000F0A2B5 /* MSMyCenterViewController.m */ = {isa = PBXFileReference; fileEncoding = 4; lastKnownFileType = sourcecode.c.objc; path = MSMyCenterViewController.m; sourceTree = "<group>"; };
		BC89F1331D7D53F500F0A2B5 /* MSLiveViewController.h */ = {isa = PBXFileReference; fileEncoding = 4; lastKnownFileType = sourcecode.c.h; path = MSLiveViewController.h; sourceTree = "<group>"; };
		BC89F1341D7D53F500F0A2B5 /* MSLiveViewController.m */ = {isa = PBXFileReference; fileEncoding = 4; lastKnownFileType = sourcecode.c.objc; path = MSLiveViewController.m; sourceTree = "<group>"; };
		BC89F1361D7D540600F0A2B5 /* MSFollowViewController.h */ = {isa = PBXFileReference; fileEncoding = 4; lastKnownFileType = sourcecode.c.h; path = MSFollowViewController.h; sourceTree = "<group>"; };
		BC89F1371D7D540600F0A2B5 /* MSFollowViewController.m */ = {isa = PBXFileReference; fileEncoding = 4; lastKnownFileType = sourcecode.c.objc; path = MSFollowViewController.m; sourceTree = "<group>"; };
		BC89F13A1D7D549700F0A2B5 /* NSString+Code.h */ = {isa = PBXFileReference; fileEncoding = 4; lastKnownFileType = sourcecode.c.h; path = "NSString+Code.h"; sourceTree = "<group>"; };
		BC89F13B1D7D549700F0A2B5 /* NSString+Code.m */ = {isa = PBXFileReference; fileEncoding = 4; lastKnownFileType = sourcecode.c.objc; path = "NSString+Code.m"; sourceTree = "<group>"; };
		BC89F13C1D7D549700F0A2B5 /* NSString+Util.h */ = {isa = PBXFileReference; fileEncoding = 4; lastKnownFileType = sourcecode.c.h; path = "NSString+Util.h"; sourceTree = "<group>"; };
		BC89F13D1D7D549700F0A2B5 /* NSString+Util.m */ = {isa = PBXFileReference; fileEncoding = 4; lastKnownFileType = sourcecode.c.objc; path = "NSString+Util.m"; sourceTree = "<group>"; };
		BC89F1411D7D550500F0A2B5 /* UIView+ZJFrame.h */ = {isa = PBXFileReference; fileEncoding = 4; lastKnownFileType = sourcecode.c.h; path = "UIView+ZJFrame.h"; sourceTree = "<group>"; };
		BC89F1421D7D550500F0A2B5 /* UIView+ZJFrame.m */ = {isa = PBXFileReference; fileEncoding = 4; lastKnownFileType = sourcecode.c.objc; path = "UIView+ZJFrame.m"; sourceTree = "<group>"; };
		BC89F1431D7D550500F0A2B5 /* ZJContentView.h */ = {isa = PBXFileReference; fileEncoding = 4; lastKnownFileType = sourcecode.c.h; path = ZJContentView.h; sourceTree = "<group>"; };
		BC89F1441D7D550500F0A2B5 /* ZJContentView.m */ = {isa = PBXFileReference; fileEncoding = 4; lastKnownFileType = sourcecode.c.objc; path = ZJContentView.m; sourceTree = "<group>"; };
		BC89F1451D7D550500F0A2B5 /* ZJCustomLabel.h */ = {isa = PBXFileReference; fileEncoding = 4; lastKnownFileType = sourcecode.c.h; path = ZJCustomLabel.h; sourceTree = "<group>"; };
		BC89F1461D7D550500F0A2B5 /* ZJCustomLabel.m */ = {isa = PBXFileReference; fileEncoding = 4; lastKnownFileType = sourcecode.c.objc; path = ZJCustomLabel.m; sourceTree = "<group>"; };
		BC89F1471D7D550500F0A2B5 /* ZJScrollPageView.h */ = {isa = PBXFileReference; fileEncoding = 4; lastKnownFileType = sourcecode.c.h; path = ZJScrollPageView.h; sourceTree = "<group>"; };
		BC89F1481D7D550500F0A2B5 /* ZJScrollPageView.m */ = {isa = PBXFileReference; fileEncoding = 4; lastKnownFileType = sourcecode.c.objc; path = ZJScrollPageView.m; sourceTree = "<group>"; };
		BC89F1491D7D550500F0A2B5 /* ZJScrollSegmentView.h */ = {isa = PBXFileReference; fileEncoding = 4; lastKnownFileType = sourcecode.c.h; path = ZJScrollSegmentView.h; sourceTree = "<group>"; };
		BC89F14A1D7D550500F0A2B5 /* ZJScrollSegmentView.m */ = {isa = PBXFileReference; fileEncoding = 4; lastKnownFileType = sourcecode.c.objc; path = ZJScrollSegmentView.m; sourceTree = "<group>"; };
		BC89F14B1D7D550500F0A2B5 /* ZJSegmentStyle.h */ = {isa = PBXFileReference; fileEncoding = 4; lastKnownFileType = sourcecode.c.h; path = ZJSegmentStyle.h; sourceTree = "<group>"; };
		BC89F14C1D7D550500F0A2B5 /* ZJSegmentStyle.m */ = {isa = PBXFileReference; fileEncoding = 4; lastKnownFileType = sourcecode.c.objc; path = ZJSegmentStyle.m; sourceTree = "<group>"; };
		BC89F1531D7D56EA00F0A2B5 /* MSHomeBaseCollectionVC.h */ = {isa = PBXFileReference; fileEncoding = 4; lastKnownFileType = sourcecode.c.h; path = MSHomeBaseCollectionVC.h; sourceTree = "<group>"; };
		BC89F1541D7D56EA00F0A2B5 /* MSHomeBaseCollectionVC.m */ = {isa = PBXFileReference; fileEncoding = 4; lastKnownFileType = sourcecode.c.objc; path = MSHomeBaseCollectionVC.m; sourceTree = "<group>"; };
		BC89F1561D7D574F00F0A2B5 /* MSLiveCollectionView.h */ = {isa = PBXFileReference; fileEncoding = 4; lastKnownFileType = sourcecode.c.h; path = MSLiveCollectionView.h; sourceTree = "<group>"; };
		BC89F1571D7D574F00F0A2B5 /* MSLiveCollectionView.m */ = {isa = PBXFileReference; fileEncoding = 4; lastKnownFileType = sourcecode.c.objc; path = MSLiveCollectionView.m; sourceTree = "<group>"; };
		BC89F1591D7D5A8500F0A2B5 /* MSBaseRoomCell.h */ = {isa = PBXFileReference; fileEncoding = 4; lastKnownFileType = sourcecode.c.h; path = MSBaseRoomCell.h; sourceTree = "<group>"; };
		BC89F15A1D7D5A8500F0A2B5 /* MSBaseRoomCell.m */ = {isa = PBXFileReference; fileEncoding = 4; lastKnownFileType = sourcecode.c.objc; path = MSBaseRoomCell.m; sourceTree = "<group>"; };
		BC89F15F1D7D5F4F00F0A2B5 /* MSNetworking+DYAPI.h */ = {isa = PBXFileReference; fileEncoding = 4; lastKnownFileType = sourcecode.c.h; path = "MSNetworking+DYAPI.h"; sourceTree = "<group>"; };
		BC89F1601D7D5F4F00F0A2B5 /* MSNetworking+DYAPI.m */ = {isa = PBXFileReference; fileEncoding = 4; lastKnownFileType = sourcecode.c.objc; path = "MSNetworking+DYAPI.m"; sourceTree = "<group>"; };
		BC89F1631D7D630D00F0A2B5 /* MSDYHomeVC.h */ = {isa = PBXFileReference; fileEncoding = 4; lastKnownFileType = sourcecode.c.h; path = MSDYHomeVC.h; sourceTree = "<group>"; };
		BC89F1641D7D630D00F0A2B5 /* MSDYHomeVC.m */ = {isa = PBXFileReference; fileEncoding = 4; lastKnownFileType = sourcecode.c.objc; path = MSDYHomeVC.m; sourceTree = "<group>"; };
		BC89F1661D7D639B00F0A2B5 /* MSBaseBannerView.h */ = {isa = PBXFileReference; fileEncoding = 4; lastKnownFileType = sourcecode.c.h; path = MSBaseBannerView.h; sourceTree = "<group>"; };
		BC89F1671D7D639B00F0A2B5 /* MSBaseBannerView.m */ = {isa = PBXFileReference; fileEncoding = 4; lastKnownFileType = sourcecode.c.objc; path = MSBaseBannerView.m; sourceTree = "<group>"; };
		BC89F16F1D7D67E000F0A2B5 /* DYApiTest.h */ = {isa = PBXFileReference; fileEncoding = 4; lastKnownFileType = sourcecode.c.h; path = DYApiTest.h; sourceTree = "<group>"; };
		BC89F1701D7D67E000F0A2B5 /* DYApiTest.m */ = {isa = PBXFileReference; fileEncoding = 4; lastKnownFileType = sourcecode.c.objc; path = DYApiTest.m; sourceTree = "<group>"; };
		BC9A81181D826035005A98C7 /* MSBaseCateModel.h */ = {isa = PBXFileReference; fileEncoding = 4; lastKnownFileType = sourcecode.c.h; path = MSBaseCateModel.h; sourceTree = "<group>"; };
		BC9A81191D826035005A98C7 /* MSBaseCateModel.m */ = {isa = PBXFileReference; fileEncoding = 4; lastKnownFileType = sourcecode.c.objc; path = MSBaseCateModel.m; sourceTree = "<group>"; };
		BC9A811B1D82621E005A98C7 /* QMRemenCateModel.h */ = {isa = PBXFileReference; fileEncoding = 4; lastKnownFileType = sourcecode.c.h; path = QMRemenCateModel.h; sourceTree = "<group>"; };
		BC9A811C1D82621E005A98C7 /* QMRemenCateModel.m */ = {isa = PBXFileReference; fileEncoding = 4; lastKnownFileType = sourcecode.c.objc; path = QMRemenCateModel.m; sourceTree = "<group>"; };
		D445774BD1E46A89DC9A379E /* Pods-MSLiveBox.release.xcconfig */ = {isa = PBXFileReference; includeInIndex = 1; lastKnownFileType = text.xcconfig; name = "Pods-MSLiveBox.release.xcconfig"; path = "Pods/Target Support Files/Pods-MSLiveBox/Pods-MSLiveBox.release.xcconfig"; sourceTree = "<group>"; };
		D5E08D1F21825E840DE7A08F /* libPods-MSLiveBox.a */ = {isa = PBXFileReference; explicitFileType = archive.ar; includeInIndex = 0; path = "libPods-MSLiveBox.a"; sourceTree = BUILT_PRODUCTS_DIR; };
		E2BFE8307EF373C45D5835B9 /* Pods-MSLiveBox.debug.xcconfig */ = {isa = PBXFileReference; includeInIndex = 1; lastKnownFileType = text.xcconfig; name = "Pods-MSLiveBox.debug.xcconfig"; path = "Pods/Target Support Files/Pods-MSLiveBox/Pods-MSLiveBox.debug.xcconfig"; sourceTree = "<group>"; };
		F0A278EE62E06C96F74A04BF /* Pods-MSLiveBoxUITests.debug.xcconfig */ = {isa = PBXFileReference; includeInIndex = 1; lastKnownFileType = text.xcconfig; name = "Pods-MSLiveBoxUITests.debug.xcconfig"; path = "Pods/Target Support Files/Pods-MSLiveBoxUITests/Pods-MSLiveBoxUITests.debug.xcconfig"; sourceTree = "<group>"; };
/* End PBXFileReference section */

/* Begin PBXFrameworksBuildPhase section */
		BC89F09B1D7D47F700F0A2B5 /* Frameworks */ = {
			isa = PBXFrameworksBuildPhase;
			buildActionMask = 2147483647;
			files = (
				BC6A37021D7EB0DD009639C9 /* libbz2.tbd in Frameworks */,
				BC6A37001D7EB0D7009639C9 /* libz.tbd in Frameworks */,
				BC6A36FE1D7EB0D1009639C9 /* VideoToolbox.framework in Frameworks */,
				BC6A36FC1D7EB0CB009639C9 /* UIKit.framework in Frameworks */,
				BC6A36FA1D7EB0C4009639C9 /* QuartzCore.framework in Frameworks */,
				BC6A36F81D7EB0BC009639C9 /* OpenGLES.framework in Frameworks */,
				BC6A36F61D7EB0B3009639C9 /* MobileCoreServices.framework in Frameworks */,
				BC6A36F41D7EB0AB009639C9 /* MediaPlayer.framework in Frameworks */,
				BC6A36F01D7EB075009639C9 /* CoreMedia.framework in Frameworks */,
				BC6A36F21D7EB095009639C9 /* CoreVideo.framework in Frameworks */,
				BC6A36EE1D7EB06D009639C9 /* CoreGraphics.framework in Frameworks */,
				BC6A36EC1D7EB065009639C9 /* AVFoundation.framework in Frameworks */,
				BC6A36EA1D7EB05F009639C9 /* AudioToolbox.framework in Frameworks */,
				2DF555F1E168FA5525410E2C /* libPods-MSLiveBox.a in Frameworks */,
			);
			runOnlyForDeploymentPostprocessing = 0;
		};
		BC89F0B41D7D47F700F0A2B5 /* Frameworks */ = {
			isa = PBXFrameworksBuildPhase;
			buildActionMask = 2147483647;
			files = (
				CB4A7411D847D7FA1565B443 /* libPods-MSLiveBoxTests.a in Frameworks */,
			);
			runOnlyForDeploymentPostprocessing = 0;
		};
		BC89F0BF1D7D47F700F0A2B5 /* Frameworks */ = {
			isa = PBXFrameworksBuildPhase;
			buildActionMask = 2147483647;
			files = (
				BD58217F29140CCA0B6EDAD4 /* libPods-MSLiveBoxUITests.a in Frameworks */,
			);
			runOnlyForDeploymentPostprocessing = 0;
		};
/* End PBXFrameworksBuildPhase section */

/* Begin PBXGroup section */
		07D973606011D240BD89BF02 /* Pods */ = {
			isa = PBXGroup;
			children = (
				E2BFE8307EF373C45D5835B9 /* Pods-MSLiveBox.debug.xcconfig */,
				D445774BD1E46A89DC9A379E /* Pods-MSLiveBox.release.xcconfig */,
				0041210281B35ECB6B8A1245 /* Pods-MSLiveBoxTests.debug.xcconfig */,
				1CC6B5193CCF8DCCDC79FDA4 /* Pods-MSLiveBoxTests.release.xcconfig */,
				F0A278EE62E06C96F74A04BF /* Pods-MSLiveBoxUITests.debug.xcconfig */,
				55CDDE664BCFDF4EC4E135C0 /* Pods-MSLiveBoxUITests.release.xcconfig */,
			);
			name = Pods;
			sourceTree = "<group>";
		};
		8B3B5383522C1FDF37E22E60 /* Frameworks */ = {
			isa = PBXGroup;
			children = (
				BC6A37011D7EB0DD009639C9 /* libbz2.tbd */,
				BC6A36FF1D7EB0D7009639C9 /* libz.tbd */,
				BC6A36FD1D7EB0D1009639C9 /* VideoToolbox.framework */,
				BC6A36FB1D7EB0CB009639C9 /* UIKit.framework */,
				BC6A36F91D7EB0C4009639C9 /* QuartzCore.framework */,
				BC6A36F71D7EB0BC009639C9 /* OpenGLES.framework */,
				BC6A36F51D7EB0B3009639C9 /* MobileCoreServices.framework */,
				BC6A36F31D7EB0AB009639C9 /* MediaPlayer.framework */,
				BC6A36F11D7EB095009639C9 /* CoreVideo.framework */,
				BC6A36EF1D7EB075009639C9 /* CoreMedia.framework */,
				BC6A36ED1D7EB06D009639C9 /* CoreGraphics.framework */,
				BC6A36EB1D7EB065009639C9 /* AVFoundation.framework */,
				BC6A36E91D7EB05F009639C9 /* AudioToolbox.framework */,
				D5E08D1F21825E840DE7A08F /* libPods-MSLiveBox.a */,
				B7A090FD0BFA4E3C2E069C57 /* libPods-MSLiveBoxTests.a */,
				1102CDE6BCDBD04DAAFBA160 /* libPods-MSLiveBoxUITests.a */,
			);
			name = Frameworks;
			sourceTree = "<group>";
		};
		BC6A36B61D7E7377009639C9 /* UIView+MSUtil */ = {
			isa = PBXGroup;
			children = (
				BC6A36B71D7E7377009639C9 /* JMRoundedCorner */,
				BC6A36BC1D7E7377009639C9 /* UIImageView+CornerRadius.h */,
				BC6A36BD1D7E7377009639C9 /* UIImageView+CornerRadius.m */,
				BC6A36BE1D7E7377009639C9 /* UIView+MSUtil.h */,
				BC6A36BF1D7E7377009639C9 /* UIView+MSUtil.m */,
			);
			path = "UIView+MSUtil";
			sourceTree = "<group>";
		};
		BC6A36B71D7E7377009639C9 /* JMRoundedCorner */ = {
			isa = PBXGroup;
			children = (
				BC6A36B81D7E7377009639C9 /* UIImage+RoundedCorner.h */,
				BC6A36B91D7E7377009639C9 /* UIImage+RoundedCorner.m */,
				BC6A36BA1D7E7377009639C9 /* UIView+RoundedCorner.h */,
				BC6A36BB1D7E7377009639C9 /* UIView+RoundedCorner.m */,
			);
			path = JMRoundedCorner;
			sourceTree = "<group>";
		};
		BC6A36CA1D7E9DE4009639C9 /* UIColor+MSExtension */ = {
			isa = PBXGroup;
			children = (
				BC6A36CB1D7E9DE4009639C9 /* UIColor+MSUtil.h */,
				BC6A36CC1D7E9DE4009639C9 /* UIColor+MSUtil.m */,
			);
			path = "UIColor+MSExtension";
			sourceTree = "<group>";
		};
		BC6A36CE1D7EA80E009639C9 /* Model */ = {
			isa = PBXGroup;
			children = (
				BC6A36D31D7EA80E009639C9 /* MSBaseBannerModel.h */,
				BC6A36D41D7EA80E009639C9 /* MSBaseBannerModel.m */,
				BC6A36D51D7EA80E009639C9 /* MSModelAdapterProtocol.h */,
				BC6A36D61D7EA80E009639C9 /* MSRoomCellModel.h */,
				BC6A36D71D7EA80E009639C9 /* MSRoomCellModel.m */,
				BC9A81181D826035005A98C7 /* MSBaseCateModel.h */,
				BC9A81191D826035005A98C7 /* MSBaseCateModel.m */,
			);
			path = Model;
			sourceTree = "<group>";
		};
		BC6A36DC1D7EA8A8009639C9 /* Model */ = {
			isa = PBXGroup;
			children = (
				BC6A370F1D7EBDCF009639C9 /* QMModel */,
				BC6A370E1D7EBDB9009639C9 /* DYModel */,
			);
			path = Model;
			sourceTree = "<group>";
		};
		BC6A36E31D7EA8C9009639C9 /* Model */ = {
			isa = PBXGroup;
			children = (
			);
			path = Model;
			sourceTree = "<group>";
		};
		BC6A36E41D7EA8D5009639C9 /* Model */ = {
			isa = PBXGroup;
			children = (
			);
			path = Model;
			sourceTree = "<group>";
		};
		BC6A36E51D7EA8DE009639C9 /* Model */ = {
			isa = PBXGroup;
			children = (
			);
			path = Model;
			sourceTree = "<group>";
		};
		BC6A370E1D7EBDB9009639C9 /* DYModel */ = {
			isa = PBXGroup;
			children = (
				BC6A36DD1D7EA8A8009639C9 /* DYBannerModel.h */,
				BC6A36DE1D7EA8A8009639C9 /* DYBannerModel.m */,
				BC6A36DF1D7EA8A8009639C9 /* DYRoomModel.h */,
				BC6A36E01D7EA8A8009639C9 /* DYRoomModel.m */,
			);
			name = DYModel;
			sourceTree = "<group>";
		};
		BC6A370F1D7EBDCF009639C9 /* QMModel */ = {
			isa = PBXGroup;
			children = (
				BC6A37171D7EBEF2009639C9 /* QMBannerModel.h */,
				BC6A37181D7EBEF2009639C9 /* QMBannerModel.m */,
				BC6A371A1D7EBEFF009639C9 /* QMRoomModel.h */,
				BC6A371B1D7EBEFF009639C9 /* QMRoomModel.m */,
				BC6A37261D7EC7FA009639C9 /* QMCateModel.h */,
				BC6A37271D7EC7FA009639C9 /* QMCateModel.m */,
				BC9A811B1D82621E005A98C7 /* QMRemenCateModel.h */,
				BC9A811C1D82621E005A98C7 /* QMRemenCateModel.m */,
			);
			name = QMModel;
			sourceTree = "<group>";
		};
		BC6A37131D7EBE75009639C9 /* NSDate+MSExtension */ = {
			isa = PBXGroup;
			children = (
				BC6A37141D7EBE75009639C9 /* NSDate+MSExtension.h */,
				BC6A37151D7EBE75009639C9 /* NSDate+MSExtension.m */,
			);
			path = "NSDate+MSExtension";
			sourceTree = "<group>";
		};
		BC6B65961D7FA98100714941 /* QM */ = {
			isa = PBXGroup;
			children = (
				BC6B65971D7FA9A700714941 /* MSQMHomeVC.h */,
				BC6B65981D7FA9A700714941 /* MSQMHomeVC.m */,
			);
			name = QM;
			sourceTree = "<group>";
		};
		BC89F0951D7D47F700F0A2B5 = {
			isa = PBXGroup;
			children = (
				BC89F0A01D7D47F700F0A2B5 /* MSLiveBox */,
				BC89F0BA1D7D47F700F0A2B5 /* MSLiveBoxTests */,
				BC89F0C51D7D47F700F0A2B5 /* MSLiveBoxUITests */,
				BC89F09F1D7D47F700F0A2B5 /* Products */,
				07D973606011D240BD89BF02 /* Pods */,
				8B3B5383522C1FDF37E22E60 /* Frameworks */,
			);
			sourceTree = "<group>";
		};
		BC89F09F1D7D47F700F0A2B5 /* Products */ = {
			isa = PBXGroup;
			children = (
				BC89F09E1D7D47F700F0A2B5 /* MSLiveBox.app */,
				BC89F0B71D7D47F700F0A2B5 /* MSLiveBoxTests.xctest */,
				BC89F0C21D7D47F700F0A2B5 /* MSLiveBoxUITests.xctest */,
			);
			name = Products;
			sourceTree = "<group>";
		};
		BC89F0A01D7D47F700F0A2B5 /* MSLiveBox */ = {
			isa = PBXGroup;
			children = (
				BC89F0D41D7D509400F0A2B5 /* Base */,
				BC89F0D81D7D509400F0A2B5 /* Classes */,
				BC89F0EA1D7D509400F0A2B5 /* Main */,
				BC89F0EB1D7D509400F0A2B5 /* Network */,
				BC89F0EC1D7D509400F0A2B5 /* ThirdLibs */,
				BC89F0ED1D7D509400F0A2B5 /* Tools */,
				BC89F0A41D7D47F700F0A2B5 /* AppDelegate.h */,
				BC89F0A51D7D47F700F0A2B5 /* AppDelegate.m */,
				BC89F0EE1D7D50D400F0A2B5 /* msconsts.h */,
				BC89F0EF1D7D50D400F0A2B5 /* MSPrefixHeader.pch */,
				BC89F0AA1D7D47F700F0A2B5 /* Main.storyboard */,
				BC89F0AD1D7D47F700F0A2B5 /* Assets.xcassets */,
				BC89F0AF1D7D47F700F0A2B5 /* LaunchScreen.storyboard */,
				BC89F0B21D7D47F700F0A2B5 /* Info.plist */,
				BC89F0A11D7D47F700F0A2B5 /* Supporting Files */,
			);
			path = MSLiveBox;
			sourceTree = "<group>";
		};
		BC89F0A11D7D47F700F0A2B5 /* Supporting Files */ = {
			isa = PBXGroup;
			children = (
				BC89F0A21D7D47F700F0A2B5 /* main.m */,
			);
			name = "Supporting Files";
			sourceTree = "<group>";
		};
		BC89F0BA1D7D47F700F0A2B5 /* MSLiveBoxTests */ = {
			isa = PBXGroup;
			children = (
				BC89F0BB1D7D47F700F0A2B5 /* MSLiveBoxTests.m */,
				BC6A371D1D7EC2EA009639C9 /* MSAPITest.h */,
				BC6A371E1D7EC2EA009639C9 /* MSAPITest.m */,
				BC89F16F1D7D67E000F0A2B5 /* DYApiTest.h */,
				BC89F1701D7D67E000F0A2B5 /* DYApiTest.m */,
				BC6A37201D7EC33F009639C9 /* QMApiTes.h */,
				BC6A37211D7EC33F009639C9 /* QMApiTes.m */,
				BC89F0BD1D7D47F700F0A2B5 /* Info.plist */,
			);
			path = MSLiveBoxTests;
			sourceTree = "<group>";
		};
		BC89F0C51D7D47F700F0A2B5 /* MSLiveBoxUITests */ = {
			isa = PBXGroup;
			children = (
				BC89F0C61D7D47F700F0A2B5 /* MSLiveBoxUITests.m */,
				BC89F0C81D7D47F700F0A2B5 /* Info.plist */,
			);
			path = MSLiveBoxUITests;
			sourceTree = "<group>";
		};
		BC89F0D41D7D509400F0A2B5 /* Base */ = {
			isa = PBXGroup;
			children = (
				BC6A36CE1D7EA80E009639C9 /* Model */,
				BC89F0D61D7D509400F0A2B5 /* View */,
				BC89F0D71D7D509400F0A2B5 /* ViewController */,
			);
			path = Base;
			sourceTree = "<group>";
		};
		BC89F0D61D7D509400F0A2B5 /* View */ = {
			isa = PBXGroup;
			children = (
				BC6A36C71D7E9D5D009639C9 /* MSBaseSectionHeaderView.h */,
				BC6A36C81D7E9D5D009639C9 /* MSBaseSectionHeaderView.m */,
				BC89F1561D7D574F00F0A2B5 /* MSLiveCollectionView.h */,
				BC89F1571D7D574F00F0A2B5 /* MSLiveCollectionView.m */,
				BC89F1591D7D5A8500F0A2B5 /* MSBaseRoomCell.h */,
				BC89F15A1D7D5A8500F0A2B5 /* MSBaseRoomCell.m */,
				BC89F1661D7D639B00F0A2B5 /* MSBaseBannerView.h */,
				BC89F1671D7D639B00F0A2B5 /* MSBaseBannerView.m */,
				BC6A37061D7EB31C009639C9 /* MSBasePlayerView.h */,
				BC6A37071D7EB31C009639C9 /* MSBasePlayerView.m */,
				BC6A370B1D7EB4B2009639C9 /* MSPlayerToolView.h */,
				BC6A370C1D7EB4B2009639C9 /* MSPlayerToolView.m */,
			);
			path = View;
			sourceTree = "<group>";
		};
		BC89F0D71D7D509400F0A2B5 /* ViewController */ = {
			isa = PBXGroup;
			children = (
				BC89F1241D7D529900F0A2B5 /* MSBaseTabBarController.h */,
				BC89F1251D7D529900F0A2B5 /* MSBaseTabBarController.m */,
				BC89F1271D7D52B400F0A2B5 /* MSBaseNavigationController.h */,
				BC89F1281D7D52B400F0A2B5 /* MSBaseNavigationController.m */,
				BC89F12A1D7D52EC00F0A2B5 /* MSBaseViewController.h */,
				BC89F12B1D7D52EC00F0A2B5 /* MSBaseViewController.m */,
				BC89F1531D7D56EA00F0A2B5 /* MSHomeBaseCollectionVC.h */,
				BC89F1541D7D56EA00F0A2B5 /* MSHomeBaseCollectionVC.m */,
				BC6A37031D7EB23F009639C9 /* MSLiveSteamViewController.h */,
				BC6A37041D7EB23F009639C9 /* MSLiveSteamViewController.m */,
			);
			path = ViewController;
			sourceTree = "<group>";
		};
		BC89F0D81D7D509400F0A2B5 /* Classes */ = {
			isa = PBXGroup;
			children = (
				BC89F0D91D7D509400F0A2B5 /* Modules */,
			);
			path = Classes;
			sourceTree = "<group>";
		};
		BC89F0D91D7D509400F0A2B5 /* Modules */ = {
			isa = PBXGroup;
			children = (
				BC89F0DA1D7D509400F0A2B5 /* Follow */,
				BC89F0DE1D7D509400F0A2B5 /* Home */,
				BC89F0E21D7D509400F0A2B5 /* Live */,
				BC89F0E61D7D509400F0A2B5 /* My */,
			);
			path = Modules;
			sourceTree = "<group>";
		};
		BC89F0DA1D7D509400F0A2B5 /* Follow */ = {
			isa = PBXGroup;
			children = (
				BC6A36E31D7EA8C9009639C9 /* Model */,
				BC89F0DC1D7D509400F0A2B5 /* View */,
				BC89F0DD1D7D509400F0A2B5 /* ViewController */,
			);
			path = Follow;
			sourceTree = "<group>";
		};
		BC89F0DC1D7D509400F0A2B5 /* View */ = {
			isa = PBXGroup;
			children = (
			);
			path = View;
			sourceTree = "<group>";
		};
		BC89F0DD1D7D509400F0A2B5 /* ViewController */ = {
			isa = PBXGroup;
			children = (
				BC89F1361D7D540600F0A2B5 /* MSFollowViewController.h */,
				BC89F1371D7D540600F0A2B5 /* MSFollowViewController.m */,
			);
			path = ViewController;
			sourceTree = "<group>";
		};
		BC89F0DE1D7D509400F0A2B5 /* Home */ = {
			isa = PBXGroup;
			children = (
				BC6A36DC1D7EA8A8009639C9 /* Model */,
				BC89F0E01D7D509400F0A2B5 /* View */,
				BC89F0E11D7D509400F0A2B5 /* ViewController */,
			);
			path = Home;
			sourceTree = "<group>";
		};
		BC89F0E01D7D509400F0A2B5 /* View */ = {
			isa = PBXGroup;
			children = (
				BC6A36E61D7EAC36009639C9 /* DYFaceRoomCell.h */,
				BC6A36E71D7EAC36009639C9 /* DYFaceRoomCell.m */,
				BC6B659D1D7FE8E200714941 /* MSQMBannerView.h */,
				BC6B659E1D7FE8E200714941 /* MSQMBannerView.m */,
			);
			path = View;
			sourceTree = "<group>";
		};
		BC89F0E11D7D509400F0A2B5 /* ViewController */ = {
			isa = PBXGroup;
			children = (
				BC89F12D1D7D53A900F0A2B5 /* MSHomeViewController.h */,
				BC89F12E1D7D53A900F0A2B5 /* MSHomeViewController.m */,
				BC89F1621D7D62F100F0A2B5 /* Douyu */,
				BC6B65961D7FA98100714941 /* QM */,
			);
			path = ViewController;
			sourceTree = "<group>";
		};
		BC89F0E21D7D509400F0A2B5 /* Live */ = {
			isa = PBXGroup;
			children = (
				BC6A36E41D7EA8D5009639C9 /* Model */,
				BC89F0E41D7D509400F0A2B5 /* View */,
				BC89F0E51D7D509400F0A2B5 /* ViewController */,
			);
			path = Live;
			sourceTree = "<group>";
		};
		BC89F0E41D7D509400F0A2B5 /* View */ = {
			isa = PBXGroup;
			children = (
			);
			path = View;
			sourceTree = "<group>";
		};
		BC89F0E51D7D509400F0A2B5 /* ViewController */ = {
			isa = PBXGroup;
			children = (
				BC89F1331D7D53F500F0A2B5 /* MSLiveViewController.h */,
				BC89F1341D7D53F500F0A2B5 /* MSLiveViewController.m */,
			);
			path = ViewController;
			sourceTree = "<group>";
		};
		BC89F0E61D7D509400F0A2B5 /* My */ = {
			isa = PBXGroup;
			children = (
				BC6A36E51D7EA8DE009639C9 /* Model */,
				BC89F0E81D7D509400F0A2B5 /* View */,
				BC89F0E91D7D509400F0A2B5 /* ViewController */,
			);
			path = My;
			sourceTree = "<group>";
		};
		BC89F0E81D7D509400F0A2B5 /* View */ = {
			isa = PBXGroup;
			children = (
			);
			path = View;
			sourceTree = "<group>";
		};
		BC89F0E91D7D509400F0A2B5 /* ViewController */ = {
			isa = PBXGroup;
			children = (
				BC89F1301D7D53D000F0A2B5 /* MSMyCenterViewController.h */,
				BC89F1311D7D53D000F0A2B5 /* MSMyCenterViewController.m */,
			);
			path = ViewController;
			sourceTree = "<group>";
		};
		BC89F0EA1D7D509400F0A2B5 /* Main */ = {
			isa = PBXGroup;
			children = (
				BC89F1211D7D51F700F0A2B5 /* MSTabBarControllerConfig.h */,
				BC89F1221D7D51F700F0A2B5 /* MSTabBarControllerConfig.m */,
			);
			path = Main;
			sourceTree = "<group>";
		};
		BC89F0EB1D7D509400F0A2B5 /* Network */ = {
			isa = PBXGroup;
			children = (
				BC89F11E1D7D519600F0A2B5 /* MSNetworking.h */,
				BC89F11F1D7D519600F0A2B5 /* MSNetworking.m */,
				BC89F15F1D7D5F4F00F0A2B5 /* MSNetworking+DYAPI.h */,
				BC89F1601D7D5F4F00F0A2B5 /* MSNetworking+DYAPI.m */,
				BC6A37101D7EBE00009639C9 /* MSNetworking+QMAPI.h */,
				BC6A37111D7EBE00009639C9 /* MSNetworking+QMAPI.m */,
			);
			path = Network;
			sourceTree = "<group>";
		};
		BC89F0EC1D7D509400F0A2B5 /* ThirdLibs */ = {
			isa = PBXGroup;
			children = (
				BC89F1401D7D550500F0A2B5 /* ZJScrollPageView */,
				BC89F0F01D7D517000F0A2B5 /* CYLTabBarController */,
				BC89F0F91D7D517000F0A2B5 /* FPSLabel */,
				BC89F0FC1D7D517000F0A2B5 /* MSCircleView */,
				BC89F1011D7D517000F0A2B5 /* ZCNetworking */,
			);
			path = ThirdLibs;
			sourceTree = "<group>";
		};
		BC89F0ED1D7D509400F0A2B5 /* Tools */ = {
			isa = PBXGroup;
			children = (
				BC6A37131D7EBE75009639C9 /* NSDate+MSExtension */,
				BC6A36CA1D7E9DE4009639C9 /* UIColor+MSExtension */,
				BC6A36B61D7E7377009639C9 /* UIView+MSUtil */,
				BC89F1391D7D549700F0A2B5 /* NSString+MSExtension */,
			);
			path = Tools;
			sourceTree = "<group>";
		};
		BC89F0F01D7D517000F0A2B5 /* CYLTabBarController */ = {
			isa = PBXGroup;
			children = (
				BC89F0F11D7D517000F0A2B5 /* CYLPlusButton.h */,
				BC89F0F21D7D517000F0A2B5 /* CYLPlusButton.m */,
				BC89F0F31D7D517000F0A2B5 /* CYLTabBar.h */,
				BC89F0F41D7D517000F0A2B5 /* CYLTabBar.m */,
				BC89F0F51D7D517000F0A2B5 /* CYLTabBarController.h */,
				BC89F0F61D7D517000F0A2B5 /* CYLTabBarController.m */,
				BC89F0F71D7D517000F0A2B5 /* UIViewController+CYLTabBarControllerExtention.h */,
				BC89F0F81D7D517000F0A2B5 /* UIViewController+CYLTabBarControllerExtention.m */,
			);
			path = CYLTabBarController;
			sourceTree = "<group>";
		};
		BC89F0F91D7D517000F0A2B5 /* FPSLabel */ = {
			isa = PBXGroup;
			children = (
				BC89F0FA1D7D517000F0A2B5 /* FPSLabel.h */,
				BC89F0FB1D7D517000F0A2B5 /* FPSLabel.m */,
			);
			path = FPSLabel;
			sourceTree = "<group>";
		};
		BC89F0FC1D7D517000F0A2B5 /* MSCircleView */ = {
			isa = PBXGroup;
			children = (
				BC89F0FD1D7D517000F0A2B5 /* MSCircleBaseCell.h */,
				BC89F0FE1D7D517000F0A2B5 /* MSCircleBaseCell.m */,
				BC89F0FF1D7D517000F0A2B5 /* MSCircleView.h */,
				BC89F1001D7D517000F0A2B5 /* MSCircleView.m */,
			);
			path = MSCircleView;
			sourceTree = "<group>";
		};
		BC89F1011D7D517000F0A2B5 /* ZCNetworking */ = {
			isa = PBXGroup;
			children = (
				BC89F1021D7D517000F0A2B5 /* Sources */,
			);
			path = ZCNetworking;
			sourceTree = "<group>";
		};
		BC89F1021D7D517000F0A2B5 /* Sources */ = {
			isa = PBXGroup;
			children = (
				BC89F1031D7D517000F0A2B5 /* ZCApiAction.h */,
				BC89F1041D7D517000F0A2B5 /* ZCApiAction.m */,
				BC89F1051D7D517000F0A2B5 /* ZCApiDownloadAction.h */,
				BC89F1061D7D517000F0A2B5 /* ZCApiDownloadAction.m */,
				BC89F1071D7D517000F0A2B5 /* ZCApiLauncher.h */,
				BC89F1081D7D517000F0A2B5 /* ZCApiRunner.h */,
				BC89F1091D7D517000F0A2B5 /* ZCApiRunner.m */,
				BC89F10A1D7D517000F0A2B5 /* ZCApiUploadAction.h */,
				BC89F10B1D7D517000F0A2B5 /* ZCApiUploadAction.m */,
				BC89F10C1D7D517000F0A2B5 /* ZCBlockDefine.h */,
				BC89F10D1D7D517000F0A2B5 /* ZCChainProcessor.h */,
				BC89F10E1D7D517000F0A2B5 /* ZCChainProcessor.m */,
				BC89F10F1D7D517000F0A2B5 /* ZCNetworking.h */,
				BC89F1101D7D517000F0A2B5 /* ZCNetworking.m */,
			);
			path = Sources;
			sourceTree = "<group>";
		};
		BC89F1391D7D549700F0A2B5 /* NSString+MSExtension */ = {
			isa = PBXGroup;
			children = (
				BC89F13A1D7D549700F0A2B5 /* NSString+Code.h */,
				BC89F13B1D7D549700F0A2B5 /* NSString+Code.m */,
				BC89F13C1D7D549700F0A2B5 /* NSString+Util.h */,
				BC89F13D1D7D549700F0A2B5 /* NSString+Util.m */,
			);
			path = "NSString+MSExtension";
			sourceTree = "<group>";
		};
		BC89F1401D7D550500F0A2B5 /* ZJScrollPageView */ = {
			isa = PBXGroup;
			children = (
				BC89F1411D7D550500F0A2B5 /* UIView+ZJFrame.h */,
				BC89F1421D7D550500F0A2B5 /* UIView+ZJFrame.m */,
				BC89F1431D7D550500F0A2B5 /* ZJContentView.h */,
				BC89F1441D7D550500F0A2B5 /* ZJContentView.m */,
				BC89F1451D7D550500F0A2B5 /* ZJCustomLabel.h */,
				BC89F1461D7D550500F0A2B5 /* ZJCustomLabel.m */,
				BC89F1471D7D550500F0A2B5 /* ZJScrollPageView.h */,
				BC89F1481D7D550500F0A2B5 /* ZJScrollPageView.m */,
				BC89F1491D7D550500F0A2B5 /* ZJScrollSegmentView.h */,
				BC89F14A1D7D550500F0A2B5 /* ZJScrollSegmentView.m */,
				BC89F14B1D7D550500F0A2B5 /* ZJSegmentStyle.h */,
				BC89F14C1D7D550500F0A2B5 /* ZJSegmentStyle.m */,
			);
			path = ZJScrollPageView;
			sourceTree = "<group>";
		};
		BC89F1621D7D62F100F0A2B5 /* Douyu */ = {
			isa = PBXGroup;
			children = (
				BC89F1631D7D630D00F0A2B5 /* MSDYHomeVC.h */,
				BC89F1641D7D630D00F0A2B5 /* MSDYHomeVC.m */,
			);
			name = Douyu;
			sourceTree = "<group>";
		};
/* End PBXGroup section */

/* Begin PBXNativeTarget section */
		BC89F09D1D7D47F700F0A2B5 /* MSLiveBox */ = {
			isa = PBXNativeTarget;
			buildConfigurationList = BC89F0CB1D7D47F700F0A2B5 /* Build configuration list for PBXNativeTarget "MSLiveBox" */;
			buildPhases = (
				52F6F6CC440063E2A73F2901 /* [CP] Check Pods Manifest.lock */,
				BC89F09A1D7D47F700F0A2B5 /* Sources */,
				BC89F09B1D7D47F700F0A2B5 /* Frameworks */,
				BC89F09C1D7D47F700F0A2B5 /* Resources */,
				E39DD374F1D3E6B3D69D898D /* [CP] Embed Pods Frameworks */,
				E3783C4CD72A35CE575614D5 /* [CP] Copy Pods Resources */,
			);
			buildRules = (
			);
			dependencies = (
			);
			name = MSLiveBox;
			productName = MSLiveBox;
			productReference = BC89F09E1D7D47F700F0A2B5 /* MSLiveBox.app */;
			productType = "com.apple.product-type.application";
		};
		BC89F0B61D7D47F700F0A2B5 /* MSLiveBoxTests */ = {
			isa = PBXNativeTarget;
			buildConfigurationList = BC89F0CE1D7D47F700F0A2B5 /* Build configuration list for PBXNativeTarget "MSLiveBoxTests" */;
			buildPhases = (
				1DE5B1BCF0CFDF92BFE9E940 /* [CP] Check Pods Manifest.lock */,
				BC89F0B31D7D47F700F0A2B5 /* Sources */,
				BC89F0B41D7D47F700F0A2B5 /* Frameworks */,
				BC89F0B51D7D47F700F0A2B5 /* Resources */,
				DC6BD918B1205A0D1798DA0F /* [CP] Embed Pods Frameworks */,
				92B6FDEF28B51FD91AAEDFA3 /* [CP] Copy Pods Resources */,
			);
			buildRules = (
			);
			dependencies = (
				BC89F0B91D7D47F700F0A2B5 /* PBXTargetDependency */,
			);
			name = MSLiveBoxTests;
			productName = MSLiveBoxTests;
			productReference = BC89F0B71D7D47F700F0A2B5 /* MSLiveBoxTests.xctest */;
			productType = "com.apple.product-type.bundle.unit-test";
		};
		BC89F0C11D7D47F700F0A2B5 /* MSLiveBoxUITests */ = {
			isa = PBXNativeTarget;
			buildConfigurationList = BC89F0D11D7D47F700F0A2B5 /* Build configuration list for PBXNativeTarget "MSLiveBoxUITests" */;
			buildPhases = (
				6DAC8C91B386DCD875325D1F /* [CP] Check Pods Manifest.lock */,
				BC89F0BE1D7D47F700F0A2B5 /* Sources */,
				BC89F0BF1D7D47F700F0A2B5 /* Frameworks */,
				BC89F0C01D7D47F700F0A2B5 /* Resources */,
				CEFF6F983A37BDF0EE56D6F4 /* [CP] Copy Pods Resources */,
			);
			buildRules = (
			);
			dependencies = (
				BC89F0C41D7D47F700F0A2B5 /* PBXTargetDependency */,
			);
			name = MSLiveBoxUITests;
			productName = MSLiveBoxUITests;
			productReference = BC89F0C21D7D47F700F0A2B5 /* MSLiveBoxUITests.xctest */;
			productType = "com.apple.product-type.bundle.ui-testing";
		};
/* End PBXNativeTarget section */

/* Begin PBXProject section */
		BC89F0961D7D47F700F0A2B5 /* Project object */ = {
			isa = PBXProject;
			attributes = {
				LastUpgradeCheck = 0730;
				ORGANIZATIONNAME = dengliwen;
				TargetAttributes = {
					BC89F09D1D7D47F700F0A2B5 = {
						CreatedOnToolsVersion = 7.3;
						DevelopmentTeam = 5PE9ABT84P;
					};
					BC89F0B61D7D47F700F0A2B5 = {
						CreatedOnToolsVersion = 7.3;
						DevelopmentTeam = 5PE9ABT84P;
						TestTargetID = BC89F09D1D7D47F700F0A2B5;
					};
					BC89F0C11D7D47F700F0A2B5 = {
						CreatedOnToolsVersion = 7.3;
						DevelopmentTeam = 5PE9ABT84P;
						TestTargetID = BC89F09D1D7D47F700F0A2B5;
					};
				};
			};
			buildConfigurationList = BC89F0991D7D47F700F0A2B5 /* Build configuration list for PBXProject "MSLiveBox" */;
			compatibilityVersion = "Xcode 3.2";
			developmentRegion = English;
			hasScannedForEncodings = 0;
			knownRegions = (
				en,
				Base,
			);
			mainGroup = BC89F0951D7D47F700F0A2B5;
			productRefGroup = BC89F09F1D7D47F700F0A2B5 /* Products */;
			projectDirPath = "";
			projectRoot = "";
			targets = (
				BC89F09D1D7D47F700F0A2B5 /* MSLiveBox */,
				BC89F0B61D7D47F700F0A2B5 /* MSLiveBoxTests */,
				BC89F0C11D7D47F700F0A2B5 /* MSLiveBoxUITests */,
			);
		};
/* End PBXProject section */

/* Begin PBXResourcesBuildPhase section */
		BC89F09C1D7D47F700F0A2B5 /* Resources */ = {
			isa = PBXResourcesBuildPhase;
			buildActionMask = 2147483647;
			files = (
				BC89F0B11D7D47F700F0A2B5 /* LaunchScreen.storyboard in Resources */,
				BC89F0AE1D7D47F700F0A2B5 /* Assets.xcassets in Resources */,
				BC89F0AC1D7D47F700F0A2B5 /* Main.storyboard in Resources */,
			);
			runOnlyForDeploymentPostprocessing = 0;
		};
		BC89F0B51D7D47F700F0A2B5 /* Resources */ = {
			isa = PBXResourcesBuildPhase;
			buildActionMask = 2147483647;
			files = (
			);
			runOnlyForDeploymentPostprocessing = 0;
		};
		BC89F0C01D7D47F700F0A2B5 /* Resources */ = {
			isa = PBXResourcesBuildPhase;
			buildActionMask = 2147483647;
			files = (
			);
			runOnlyForDeploymentPostprocessing = 0;
		};
/* End PBXResourcesBuildPhase section */

/* Begin PBXShellScriptBuildPhase section */
		1DE5B1BCF0CFDF92BFE9E940 /* [CP] Check Pods Manifest.lock */ = {
			isa = PBXShellScriptBuildPhase;
			buildActionMask = 2147483647;
			files = (
			);
			inputPaths = (
			);
			name = "[CP] Check Pods Manifest.lock";
			outputPaths = (
			);
			runOnlyForDeploymentPostprocessing = 0;
			shellPath = /bin/sh;
			shellScript = "diff \"${PODS_ROOT}/../Podfile.lock\" \"${PODS_ROOT}/Manifest.lock\" > /dev/null\nif [[ $? != 0 ]] ; then\n    cat << EOM\nerror: The sandbox is not in sync with the Podfile.lock. Run 'pod install' or update your CocoaPods installation.\nEOM\n    exit 1\nfi\n";
			showEnvVarsInLog = 0;
		};
		52F6F6CC440063E2A73F2901 /* [CP] Check Pods Manifest.lock */ = {
			isa = PBXShellScriptBuildPhase;
			buildActionMask = 2147483647;
			files = (
			);
			inputPaths = (
			);
			name = "[CP] Check Pods Manifest.lock";
			outputPaths = (
			);
			runOnlyForDeploymentPostprocessing = 0;
			shellPath = /bin/sh;
			shellScript = "diff \"${PODS_ROOT}/../Podfile.lock\" \"${PODS_ROOT}/Manifest.lock\" > /dev/null\nif [[ $? != 0 ]] ; then\n    cat << EOM\nerror: The sandbox is not in sync with the Podfile.lock. Run 'pod install' or update your CocoaPods installation.\nEOM\n    exit 1\nfi\n";
			showEnvVarsInLog = 0;
		};
		6DAC8C91B386DCD875325D1F /* [CP] Check Pods Manifest.lock */ = {
			isa = PBXShellScriptBuildPhase;
			buildActionMask = 2147483647;
			files = (
			);
			inputPaths = (
			);
			name = "[CP] Check Pods Manifest.lock";
			outputPaths = (
			);
			runOnlyForDeploymentPostprocessing = 0;
			shellPath = /bin/sh;
			shellScript = "diff \"${PODS_ROOT}/../Podfile.lock\" \"${PODS_ROOT}/Manifest.lock\" > /dev/null\nif [[ $? != 0 ]] ; then\n    cat << EOM\nerror: The sandbox is not in sync with the Podfile.lock. Run 'pod install' or update your CocoaPods installation.\nEOM\n    exit 1\nfi\n";
			showEnvVarsInLog = 0;
		};
		92B6FDEF28B51FD91AAEDFA3 /* [CP] Copy Pods Resources */ = {
			isa = PBXShellScriptBuildPhase;
			buildActionMask = 2147483647;
			files = (
			);
			inputPaths = (
			);
			name = "[CP] Copy Pods Resources";
			outputPaths = (
			);
			runOnlyForDeploymentPostprocessing = 0;
			shellPath = /bin/sh;
			shellScript = "\"${SRCROOT}/Pods/Target Support Files/Pods-MSLiveBoxTests/Pods-MSLiveBoxTests-resources.sh\"\n";
			showEnvVarsInLog = 0;
		};
		CEFF6F983A37BDF0EE56D6F4 /* [CP] Copy Pods Resources */ = {
			isa = PBXShellScriptBuildPhase;
			buildActionMask = 2147483647;
			files = (
			);
			inputPaths = (
			);
			name = "[CP] Copy Pods Resources";
			outputPaths = (
			);
			runOnlyForDeploymentPostprocessing = 0;
			shellPath = /bin/sh;
			shellScript = "\"${SRCROOT}/Pods/Target Support Files/Pods-MSLiveBoxUITests/Pods-MSLiveBoxUITests-resources.sh\"\n";
			showEnvVarsInLog = 0;
		};
		DC6BD918B1205A0D1798DA0F /* [CP] Embed Pods Frameworks */ = {
			isa = PBXShellScriptBuildPhase;
			buildActionMask = 2147483647;
			files = (
			);
			inputPaths = (
			);
			name = "[CP] Embed Pods Frameworks";
			outputPaths = (
			);
			runOnlyForDeploymentPostprocessing = 0;
			shellPath = /bin/sh;
			shellScript = "\"${SRCROOT}/Pods/Target Support Files/Pods-MSLiveBoxTests/Pods-MSLiveBoxTests-frameworks.sh\"\n";
			showEnvVarsInLog = 0;
		};
		E3783C4CD72A35CE575614D5 /* [CP] Copy Pods Resources */ = {
			isa = PBXShellScriptBuildPhase;
			buildActionMask = 2147483647;
			files = (
			);
			inputPaths = (
			);
			name = "[CP] Copy Pods Resources";
			outputPaths = (
			);
			runOnlyForDeploymentPostprocessing = 0;
			shellPath = /bin/sh;
			shellScript = "\"${SRCROOT}/Pods/Target Support Files/Pods-MSLiveBox/Pods-MSLiveBox-resources.sh\"\n";
			showEnvVarsInLog = 0;
		};
		E39DD374F1D3E6B3D69D898D /* [CP] Embed Pods Frameworks */ = {
			isa = PBXShellScriptBuildPhase;
			buildActionMask = 2147483647;
			files = (
			);
			inputPaths = (
			);
			name = "[CP] Embed Pods Frameworks";
			outputPaths = (
			);
			runOnlyForDeploymentPostprocessing = 0;
			shellPath = /bin/sh;
			shellScript = "\"${SRCROOT}/Pods/Target Support Files/Pods-MSLiveBox/Pods-MSLiveBox-frameworks.sh\"\n";
			showEnvVarsInLog = 0;
		};
/* End PBXShellScriptBuildPhase section */

/* Begin PBXSourcesBuildPhase section */
		BC89F09A1D7D47F700F0A2B5 /* Sources */ = {
			isa = PBXSourcesBuildPhase;
			buildActionMask = 2147483647;
			files = (
				BC89F1581D7D574F00F0A2B5 /* MSLiveCollectionView.m in Sources */,
				BC6A36CD1D7E9DE4009639C9 /* UIColor+MSUtil.m in Sources */,
				BC6A36E11D7EA8A8009639C9 /* DYBannerModel.m in Sources */,
				BC6A36E21D7EA8A8009639C9 /* DYRoomModel.m in Sources */,
				BC89F1171D7D517000F0A2B5 /* MSCircleView.m in Sources */,
				BC6A36E81D7EAC36009639C9 /* DYFaceRoomCell.m in Sources */,
				BC89F1201D7D519600F0A2B5 /* MSNetworking.m in Sources */,
				BC89F1291D7D52B400F0A2B5 /* MSBaseNavigationController.m in Sources */,
				BC6A370D1D7EB4B2009639C9 /* MSPlayerToolView.m in Sources */,
				BC89F0A61D7D47F700F0A2B5 /* AppDelegate.m in Sources */,
				BC6A37161D7EBE75009639C9 /* NSDate+MSExtension.m in Sources */,
				BC9A811D1D82621E005A98C7 /* QMRemenCateModel.m in Sources */,
				BC89F1551D7D56EA00F0A2B5 /* MSHomeBaseCollectionVC.m in Sources */,
				BC89F1511D7D550500F0A2B5 /* ZJScrollSegmentView.m in Sources */,
				BC89F1131D7D517000F0A2B5 /* CYLTabBarController.m in Sources */,
				BC89F1651D7D630D00F0A2B5 /* MSDYHomeVC.m in Sources */,
				BC6A37081D7EB31C009639C9 /* MSBasePlayerView.m in Sources */,
				BC89F11D1D7D517000F0A2B5 /* ZCNetworking.m in Sources */,
				BC89F1181D7D517000F0A2B5 /* ZCApiAction.m in Sources */,
				BC89F1191D7D517000F0A2B5 /* ZCApiDownloadAction.m in Sources */,
				BC89F1501D7D550500F0A2B5 /* ZJScrollPageView.m in Sources */,
				BC6A37121D7EBE00009639C9 /* MSNetworking+QMAPI.m in Sources */,
				BC89F15B1D7D5A8500F0A2B5 /* MSBaseRoomCell.m in Sources */,
				BC89F14E1D7D550500F0A2B5 /* ZJContentView.m in Sources */,
				BC89F11C1D7D517000F0A2B5 /* ZCChainProcessor.m in Sources */,
				BC89F1321D7D53D000F0A2B5 /* MSMyCenterViewController.m in Sources */,
				BC89F11A1D7D517000F0A2B5 /* ZCApiRunner.m in Sources */,
				BC89F1681D7D639B00F0A2B5 /* MSBaseBannerView.m in Sources */,
				BC89F14D1D7D550500F0A2B5 /* UIView+ZJFrame.m in Sources */,
				BC89F1611D7D5F4F00F0A2B5 /* MSNetworking+DYAPI.m in Sources */,
				BC6A36DB1D7EA80E009639C9 /* MSRoomCellModel.m in Sources */,
				BC89F13F1D7D549700F0A2B5 /* NSString+Util.m in Sources */,
				BC89F11B1D7D517000F0A2B5 /* ZCApiUploadAction.m in Sources */,
				BC89F1351D7D53F500F0A2B5 /* MSLiveViewController.m in Sources */,
				BC9A811A1D826035005A98C7 /* MSBaseCateModel.m in Sources */,
				BC89F1161D7D517000F0A2B5 /* MSCircleBaseCell.m in Sources */,
				BC89F1521D7D550500F0A2B5 /* ZJSegmentStyle.m in Sources */,
				BC6A36C11D7E7377009639C9 /* UIView+RoundedCorner.m in Sources */,
				BC89F12F1D7D53A900F0A2B5 /* MSHomeViewController.m in Sources */,
				BC89F1111D7D517000F0A2B5 /* CYLPlusButton.m in Sources */,
				BC89F1231D7D51F700F0A2B5 /* MSTabBarControllerConfig.m in Sources */,
				BC89F1121D7D517000F0A2B5 /* CYLTabBar.m in Sources */,
				BC6A37191D7EBEF2009639C9 /* QMBannerModel.m in Sources */,
				BC6B65991D7FA9A700714941 /* MSQMHomeVC.m in Sources */,
				BC6A36DA1D7EA80E009639C9 /* MSBaseBannerModel.m in Sources */,
				BC89F12C1D7D52EC00F0A2B5 /* MSBaseViewController.m in Sources */,
				BC6B659F1D7FE8E200714941 /* MSQMBannerView.m in Sources */,
				BC6A36C01D7E7377009639C9 /* UIImage+RoundedCorner.m in Sources */,
				BC89F1141D7D517000F0A2B5 /* UIViewController+CYLTabBarControllerExtention.m in Sources */,
				BC89F1151D7D517000F0A2B5 /* FPSLabel.m in Sources */,
				BC89F13E1D7D549700F0A2B5 /* NSString+Code.m in Sources */,
				BC6A36C31D7E7377009639C9 /* UIView+MSUtil.m in Sources */,
				BC89F1381D7D540600F0A2B5 /* MSFollowViewController.m in Sources */,
				BC89F1261D7D529900F0A2B5 /* MSBaseTabBarController.m in Sources */,
				BC89F14F1D7D550500F0A2B5 /* ZJCustomLabel.m in Sources */,
				BC89F0A31D7D47F700F0A2B5 /* main.m in Sources */,
				BC6A371C1D7EBEFF009639C9 /* QMRoomModel.m in Sources */,
				BC6A37281D7EC7FA009639C9 /* QMCateModel.m in Sources */,
				BC6A36C21D7E7377009639C9 /* UIImageView+CornerRadius.m in Sources */,
				BC6A36C91D7E9D5D009639C9 /* MSBaseSectionHeaderView.m in Sources */,
				BC6A37051D7EB23F009639C9 /* MSLiveSteamViewController.m in Sources */,
			);
			runOnlyForDeploymentPostprocessing = 0;
		};
		BC89F0B31D7D47F700F0A2B5 /* Sources */ = {
			isa = PBXSourcesBuildPhase;
			buildActionMask = 2147483647;
			files = (
				BC6A371F1D7EC2EA009639C9 /* MSAPITest.m in Sources */,
				BC6A37221D7EC33F009639C9 /* QMApiTes.m in Sources */,
				BC89F0BC1D7D47F700F0A2B5 /* MSLiveBoxTests.m in Sources */,
				BC89F1711D7D67E000F0A2B5 /* DYApiTest.m in Sources */,
			);
			runOnlyForDeploymentPostprocessing = 0;
		};
		BC89F0BE1D7D47F700F0A2B5 /* Sources */ = {
			isa = PBXSourcesBuildPhase;
			buildActionMask = 2147483647;
			files = (
				BC89F0C71D7D47F700F0A2B5 /* MSLiveBoxUITests.m in Sources */,
			);
			runOnlyForDeploymentPostprocessing = 0;
		};
/* End PBXSourcesBuildPhase section */

/* Begin PBXTargetDependency section */
		BC89F0B91D7D47F700F0A2B5 /* PBXTargetDependency */ = {
			isa = PBXTargetDependency;
			target = BC89F09D1D7D47F700F0A2B5 /* MSLiveBox */;
			targetProxy = BC89F0B81D7D47F700F0A2B5 /* PBXContainerItemProxy */;
		};
		BC89F0C41D7D47F700F0A2B5 /* PBXTargetDependency */ = {
			isa = PBXTargetDependency;
			target = BC89F09D1D7D47F700F0A2B5 /* MSLiveBox */;
			targetProxy = BC89F0C31D7D47F700F0A2B5 /* PBXContainerItemProxy */;
		};
/* End PBXTargetDependency section */

/* Begin PBXVariantGroup section */
		BC89F0AA1D7D47F700F0A2B5 /* Main.storyboard */ = {
			isa = PBXVariantGroup;
			children = (
				BC89F0AB1D7D47F700F0A2B5 /* Base */,
			);
			name = Main.storyboard;
			sourceTree = "<group>";
		};
		BC89F0AF1D7D47F700F0A2B5 /* LaunchScreen.storyboard */ = {
			isa = PBXVariantGroup;
			children = (
				BC89F0B01D7D47F700F0A2B5 /* Base */,
			);
			name = LaunchScreen.storyboard;
			sourceTree = "<group>";
		};
/* End PBXVariantGroup section */

/* Begin XCBuildConfiguration section */
		BC89F0C91D7D47F700F0A2B5 /* Debug */ = {
			isa = XCBuildConfiguration;
			buildSettings = {
				ALWAYS_SEARCH_USER_PATHS = NO;
				CLANG_ANALYZER_NONNULL = YES;
				CLANG_CXX_LANGUAGE_STANDARD = "gnu++0x";
				CLANG_CXX_LIBRARY = "libc++";
				CLANG_ENABLE_MODULES = YES;
				CLANG_ENABLE_OBJC_ARC = YES;
				CLANG_WARN_BOOL_CONVERSION = YES;
				CLANG_WARN_CONSTANT_CONVERSION = YES;
				CLANG_WARN_DIRECT_OBJC_ISA_USAGE = YES_ERROR;
				CLANG_WARN_EMPTY_BODY = YES;
				CLANG_WARN_ENUM_CONVERSION = YES;
				CLANG_WARN_INT_CONVERSION = YES;
				CLANG_WARN_OBJC_ROOT_CLASS = YES_ERROR;
				CLANG_WARN_UNREACHABLE_CODE = YES;
				CLANG_WARN__DUPLICATE_METHOD_MATCH = YES;
				"CODE_SIGN_IDENTITY[sdk=iphoneos*]" = "iPhone Developer";
				COPY_PHASE_STRIP = NO;
				DEBUG_INFORMATION_FORMAT = dwarf;
				ENABLE_STRICT_OBJC_MSGSEND = YES;
				ENABLE_TESTABILITY = YES;
				GCC_C_LANGUAGE_STANDARD = gnu99;
				GCC_DYNAMIC_NO_PIC = NO;
				GCC_NO_COMMON_BLOCKS = YES;
				GCC_OPTIMIZATION_LEVEL = 0;
				GCC_PREPROCESSOR_DEFINITIONS = (
					"DEBUG=1",
					"$(inherited)",
				);
				GCC_WARN_64_TO_32_BIT_CONVERSION = YES;
				GCC_WARN_ABOUT_RETURN_TYPE = YES_ERROR;
				GCC_WARN_UNDECLARED_SELECTOR = YES;
				GCC_WARN_UNINITIALIZED_AUTOS = YES_AGGRESSIVE;
				GCC_WARN_UNUSED_FUNCTION = YES;
				GCC_WARN_UNUSED_VARIABLE = YES;
				IPHONEOS_DEPLOYMENT_TARGET = 8.0;
				MTL_ENABLE_DEBUG_INFO = YES;
				ONLY_ACTIVE_ARCH = YES;
				SDKROOT = iphoneos;
				TARGETED_DEVICE_FAMILY = "1,2";
			};
			name = Debug;
		};
		BC89F0CA1D7D47F700F0A2B5 /* Release */ = {
			isa = XCBuildConfiguration;
			buildSettings = {
				ALWAYS_SEARCH_USER_PATHS = NO;
				CLANG_ANALYZER_NONNULL = YES;
				CLANG_CXX_LANGUAGE_STANDARD = "gnu++0x";
				CLANG_CXX_LIBRARY = "libc++";
				CLANG_ENABLE_MODULES = YES;
				CLANG_ENABLE_OBJC_ARC = YES;
				CLANG_WARN_BOOL_CONVERSION = YES;
				CLANG_WARN_CONSTANT_CONVERSION = YES;
				CLANG_WARN_DIRECT_OBJC_ISA_USAGE = YES_ERROR;
				CLANG_WARN_EMPTY_BODY = YES;
				CLANG_WARN_ENUM_CONVERSION = YES;
				CLANG_WARN_INT_CONVERSION = YES;
				CLANG_WARN_OBJC_ROOT_CLASS = YES_ERROR;
				CLANG_WARN_UNREACHABLE_CODE = YES;
				CLANG_WARN__DUPLICATE_METHOD_MATCH = YES;
				"CODE_SIGN_IDENTITY[sdk=iphoneos*]" = "iPhone Developer";
				COPY_PHASE_STRIP = NO;
				DEBUG_INFORMATION_FORMAT = "dwarf-with-dsym";
				ENABLE_NS_ASSERTIONS = NO;
				ENABLE_STRICT_OBJC_MSGSEND = YES;
				GCC_C_LANGUAGE_STANDARD = gnu99;
				GCC_NO_COMMON_BLOCKS = YES;
				GCC_WARN_64_TO_32_BIT_CONVERSION = YES;
				GCC_WARN_ABOUT_RETURN_TYPE = YES_ERROR;
				GCC_WARN_UNDECLARED_SELECTOR = YES;
				GCC_WARN_UNINITIALIZED_AUTOS = YES_AGGRESSIVE;
				GCC_WARN_UNUSED_FUNCTION = YES;
				GCC_WARN_UNUSED_VARIABLE = YES;
				IPHONEOS_DEPLOYMENT_TARGET = 8.0;
				MTL_ENABLE_DEBUG_INFO = NO;
				SDKROOT = iphoneos;
				TARGETED_DEVICE_FAMILY = "1,2";
				VALIDATE_PRODUCT = YES;
			};
			name = Release;
		};
		BC89F0CC1D7D47F700F0A2B5 /* Debug */ = {
			isa = XCBuildConfiguration;
			baseConfigurationReference = E2BFE8307EF373C45D5835B9 /* Pods-MSLiveBox.debug.xcconfig */;
			buildSettings = {
				ASSETCATALOG_COMPILER_APPICON_NAME = AppIcon;
				FRAMEWORK_SEARCH_PATHS = (
					"$(inherited)",
					"$(PROJECT_DIR)",
				);
				GCC_PREFIX_HEADER = "$(SRCROOT)/$(PRODUCT_NAME)/MSPrefixHeader.pch";
				INFOPLIST_FILE = MSLiveBox/Info.plist;
				LD_RUNPATH_SEARCH_PATHS = "$(inherited) @executable_path/Frameworks";
				PRODUCT_BUNDLE_IDENTIFIER = TY.MSLiveBox;
				PRODUCT_NAME = "$(TARGET_NAME)";
			};
			name = Debug;
		};
		BC89F0CD1D7D47F700F0A2B5 /* Release */ = {
			isa = XCBuildConfiguration;
			baseConfigurationReference = D445774BD1E46A89DC9A379E /* Pods-MSLiveBox.release.xcconfig */;
			buildSettings = {
				ASSETCATALOG_COMPILER_APPICON_NAME = AppIcon;
				FRAMEWORK_SEARCH_PATHS = (
					"$(inherited)",
					"$(PROJECT_DIR)",
				);
				GCC_PREFIX_HEADER = "$(SRCROOT)/$(PRODUCT_NAME)/MSPrefixHeader.pch";
				INFOPLIST_FILE = MSLiveBox/Info.plist;
				LD_RUNPATH_SEARCH_PATHS = "$(inherited) @executable_path/Frameworks";
				PRODUCT_BUNDLE_IDENTIFIER = TY.MSLiveBox;
				PRODUCT_NAME = "$(TARGET_NAME)";
			};
			name = Release;
		};
		BC89F0CF1D7D47F700F0A2B5 /* Debug */ = {
			isa = XCBuildConfiguration;
			baseConfigurationReference = 0041210281B35ECB6B8A1245 /* Pods-MSLiveBoxTests.debug.xcconfig */;
			buildSettings = {
				BUNDLE_LOADER = "$(TEST_HOST)";
				INFOPLIST_FILE = MSLiveBoxTests/Info.plist;
				LD_RUNPATH_SEARCH_PATHS = "$(inherited) @executable_path/Frameworks @loader_path/Frameworks";
				PRODUCT_BUNDLE_IDENTIFIER = TY.MSLiveBoxTests;
				PRODUCT_NAME = "$(TARGET_NAME)";
				TEST_HOST = "$(BUILT_PRODUCTS_DIR)/MSLiveBox.app/MSLiveBox";
			};
			name = Debug;
		};
		BC89F0D01D7D47F700F0A2B5 /* Release */ = {
			isa = XCBuildConfiguration;
			baseConfigurationReference = 1CC6B5193CCF8DCCDC79FDA4 /* Pods-MSLiveBoxTests.release.xcconfig */;
			buildSettings = {
				BUNDLE_LOADER = "$(TEST_HOST)";
				INFOPLIST_FILE = MSLiveBoxTests/Info.plist;
				LD_RUNPATH_SEARCH_PATHS = "$(inherited) @executable_path/Frameworks @loader_path/Frameworks";
				PRODUCT_BUNDLE_IDENTIFIER = TY.MSLiveBoxTests;
				PRODUCT_NAME = "$(TARGET_NAME)";
				TEST_HOST = "$(BUILT_PRODUCTS_DIR)/MSLiveBox.app/MSLiveBox";
			};
			name = Release;
		};
		BC89F0D21D7D47F700F0A2B5 /* Debug */ = {
			isa = XCBuildConfiguration;
			baseConfigurationReference = F0A278EE62E06C96F74A04BF /* Pods-MSLiveBoxUITests.debug.xcconfig */;
			buildSettings = {
				INFOPLIST_FILE = MSLiveBoxUITests/Info.plist;
				LD_RUNPATH_SEARCH_PATHS = "$(inherited) @executable_path/Frameworks @loader_path/Frameworks";
				PRODUCT_BUNDLE_IDENTIFIER = TY.MSLiveBoxUITests;
				PRODUCT_NAME = "$(TARGET_NAME)";
				TEST_TARGET_NAME = MSLiveBox;
			};
			name = Debug;
		};
		BC89F0D31D7D47F700F0A2B5 /* Release */ = {
			isa = XCBuildConfiguration;
			baseConfigurationReference = 55CDDE664BCFDF4EC4E135C0 /* Pods-MSLiveBoxUITests.release.xcconfig */;
			buildSettings = {
				INFOPLIST_FILE = MSLiveBoxUITests/Info.plist;
				LD_RUNPATH_SEARCH_PATHS = "$(inherited) @executable_path/Frameworks @loader_path/Frameworks";
				PRODUCT_BUNDLE_IDENTIFIER = TY.MSLiveBoxUITests;
				PRODUCT_NAME = "$(TARGET_NAME)";
				TEST_TARGET_NAME = MSLiveBox;
			};
			name = Release;
		};
/* End XCBuildConfiguration section */

/* Begin XCConfigurationList section */
		BC89F0991D7D47F700F0A2B5 /* Build configuration list for PBXProject "MSLiveBox" */ = {
			isa = XCConfigurationList;
			buildConfigurations = (
				BC89F0C91D7D47F700F0A2B5 /* Debug */,
				BC89F0CA1D7D47F700F0A2B5 /* Release */,
			);
			defaultConfigurationIsVisible = 0;
			defaultConfigurationName = Release;
		};
		BC89F0CB1D7D47F700F0A2B5 /* Build configuration list for PBXNativeTarget "MSLiveBox" */ = {
			isa = XCConfigurationList;
			buildConfigurations = (
				BC89F0CC1D7D47F700F0A2B5 /* Debug */,
				BC89F0CD1D7D47F700F0A2B5 /* Release */,
			);
			defaultConfigurationIsVisible = 0;
			defaultConfigurationName = Release;
		};
		BC89F0CE1D7D47F700F0A2B5 /* Build configuration list for PBXNativeTarget "MSLiveBoxTests" */ = {
			isa = XCConfigurationList;
			buildConfigurations = (
				BC89F0CF1D7D47F700F0A2B5 /* Debug */,
				BC89F0D01D7D47F700F0A2B5 /* Release */,
			);
			defaultConfigurationIsVisible = 0;
			defaultConfigurationName = Release;
		};
		BC89F0D11D7D47F700F0A2B5 /* Build configuration list for PBXNativeTarget "MSLiveBoxUITests" */ = {
			isa = XCConfigurationList;
			buildConfigurations = (
				BC89F0D21D7D47F700F0A2B5 /* Debug */,
				BC89F0D31D7D47F700F0A2B5 /* Release */,
			);
			defaultConfigurationIsVisible = 0;
			defaultConfigurationName = Release;
		};
/* End XCConfigurationList section */
	};
	rootObject = BC89F0961D7D47F700F0A2B5 /* Project object */;
}
